
Microsoft Visual Studio Solution File, Format Version 12.00
# Visual Studio 14
VisualStudioVersion = 14.0.25420.1
MinimumVisualStudioVersion = 10.0.40219.1
Project("{8BC9CEB8-8B4A-11D0-8D11-00A0C91BC942}") = "9-2", "9-2\9-2.vcxproj", "{DE9A92DD-25CD-4B2A-84C8-4C067BCC1BFB}"
EndProject
Project("{8BC9CEB8-8B4A-11D0-8D11-00A0C91BC942}") = "9-3", "9-3\9-3.vcxproj", "{EBEF26FB-F48B-4C43-9743-B0C5CDFF5E12}"
EndProject
Project("{8BC9CEB8-8B4A-11D0-8D11-00A0C91BC942}") = "9-4-1", "9-4\9-4.vcxproj", "{0A105E50-D170-4123-BDDB-6ABD9C466D65}"
EndProject
Project("{8BC9CEB8-8B4A-11D0-8D11-00A0C91BC942}") = "9-4-2", "9-4-2\9-4-2.vcxproj", "{7EA49479-BC11-4667-8A0D-2C19FECF67E2}"
EndProject
Project("{8BC9CEB8-8B4A-11D0-8D11-00A0C91BC942}") = "9-6", "9-6\9-6.vcxproj", "{5268434F-6BCE-4D1C-A982-D1C58D6B79F2}"
EndProject
Project("{8BC9CEB8-8B4A-11D0-8D11-00A0C91BC942}") = "9-8", "9-8\9-8.vcxproj", "{B2B6283F-959E-4D61-9ABE-D65E541C3FBB}"
EndProject
Project("{8BC9CEB8-8B4A-11D0-8D11-00A0C91BC942}") = "9-10", "9-10\9-10.vcxproj", "{D34139F8-CFAC-4270-871C-A75642CFF083}"
EndProject
Project("{8BC9CEB8-8B4A-11D0-8D11-00A0C91BC942}") = "9-11", "9-11\9-11.vcxproj", "{A1BC1547-AF03-44F8-91A2-91057B3A68D9}"
EndProject
Project("{8BC9CEB8-8B4A-11D0-8D11-00A0C91BC942}") = "9-b1", "9-b1\9-b1.vcxproj", "{9EBF469E-6E17-437A-BC04-B49E2E46B8C2}"
EndProject
Project("{8BC9CEB8-8B4A-11D0-8D11-00A0C91BC942}") = "9-b2-1", "9-b2-1\9-b2-1.vcxproj", "{50C6A31D-4CA1-4DDE-9F6D-6FB4B94E78A6}"
EndProject
Project("{8BC9CEB8-8B4A-11D0-8D11-00A0C91BC942}") = "9-b2-2", "9-b2-2\9-b2-2.vcxproj", "{7311E05F-2502-4EAA-A4F7-4B0669B8342C}"
EndProject
Project("{8BC9CEB8-8B4A-11D0-8D11-00A0C91BC942}") = "9-b3", "9-b3\9-b3.vcxproj", "{B5FDB87B-FF9C-4C69-9990-4D22E920701D}"
EndProject
Global
	GlobalSection(SolutionConfigurationPlatforms) = preSolution
		Debug|x64 = Debug|x64
		Debug|x86 = Debug|x86
		Release|x64 = Release|x64
		Release|x86 = Release|x86
	EndGlobalSection
	GlobalSection(ProjectConfigurationPlatforms) = postSolution
		{DE9A92DD-25CD-4B2A-84C8-4C067BCC1BFB}.Debug|x64.ActiveCfg = Debug|x64
		{DE9A92DD-25CD-4B2A-84C8-4C067BCC1BFB}.Debug|x64.Build.0 = Debug|x64
		{DE9A92DD-25CD-4B2A-84C8-4C067BCC1BFB}.Debug|x86.ActiveCfg = Debug|Win32
		{DE9A92DD-25CD-4B2A-84C8-4C067BCC1BFB}.Debug|x86.Build.0 = Debug|Win32
		{DE9A92DD-25CD-4B2A-84C8-4C067BCC1BFB}.Release|x64.ActiveCfg = Release|x64
		{DE9A92DD-25CD-4B2A-84C8-4C067BCC1BFB}.Release|x64.Build.0 = Release|x64
		{DE9A92DD-25CD-4B2A-84C8-4C067BCC1BFB}.Release|x86.ActiveCfg = Release|Win32
		{DE9A92DD-25CD-4B2A-84C8-4C067BCC1BFB}.Release|x86.Build.0 = Release|Win32
		{EBEF26FB-F48B-4C43-9743-B0C5CDFF5E12}.Debug|x64.ActiveCfg = Debug|x64
		{EBEF26FB-F48B-4C43-9743-B0C5CDFF5E12}.Debug|x64.Build.0 = Debug|x64
		{EBEF26FB-F48B-4C43-9743-B0C5CDFF5E12}.Debug|x86.ActiveCfg = Debug|Win32
		{EBEF26FB-F48B-4C43-9743-B0C5CDFF5E12}.Debug|x86.Build.0 = Debug|Win32
		{EBEF26FB-F48B-4C43-9743-B0C5CDFF5E12}.Release|x64.ActiveCfg = Release|x64
		{EBEF26FB-F48B-4C43-9743-B0C5CDFF5E12}.Release|x64.Build.0 = Release|x64
		{EBEF26FB-F48B-4C43-9743-B0C5CDFF5E12}.Release|x86.ActiveCfg = Release|Win32
		{EBEF26FB-F48B-4C43-9743-B0C5CDFF5E12}.Release|x86.Build.0 = Release|Win32
		{0A105E50-D170-4123-BDDB-6ABD9C466D65}.Debug|x64.ActiveCfg = Debug|x64
		{0A105E50-D170-4123-BDDB-6ABD9C466D65}.Debug|x64.Build.0 = Debug|x64
		{0A105E50-D170-4123-BDDB-6ABD9C466D65}.Debug|x86.ActiveCfg = Debug|Win32
		{0A105E50-D170-4123-BDDB-6ABD9C466D65}.Debug|x86.Build.0 = Debug|Win32
		{0A105E50-D170-4123-BDDB-6ABD9C466D65}.Release|x64.ActiveCfg = Release|x64
		{0A105E50-D170-4123-BDDB-6ABD9C466D65}.Release|x64.Build.0 = Release|x64
		{0A105E50-D170-4123-BDDB-6ABD9C466D65}.Release|x86.ActiveCfg = Release|Win32
		{0A105E50-D170-4123-BDDB-6ABD9C466D65}.Release|x86.Build.0 = Release|Win32
		{7EA49479-BC11-4667-8A0D-2C19FECF67E2}.Debug|x64.ActiveCfg = Debug|x64
		{7EA49479-BC11-4667-8A0D-2C19FECF67E2}.Debug|x64.Build.0 = Debug|x64
		{7EA49479-BC11-4667-8A0D-2C19FECF67E2}.Debug|x86.ActiveCfg = Debug|Win32
		{7EA49479-BC11-4667-8A0D-2C19FECF67E2}.Debug|x86.Build.0 = Debug|Win32
		{7EA49479-BC11-4667-8A0D-2C19FECF67E2}.Release|x64.ActiveCfg = Release|x64
		{7EA49479-BC11-4667-8A0D-2C19FECF67E2}.Release|x64.Build.0 = Release|x64
		{7EA49479-BC11-4667-8A0D-2C19FECF67E2}.Release|x86.ActiveCfg = Release|Win32
		{7EA49479-BC11-4667-8A0D-2C19FECF67E2}.Release|x86.Build.0 = Release|Win32
		{5268434F-6BCE-4D1C-A982-D1C58D6B79F2}.Debug|x64.ActiveCfg = Debug|x64
		{5268434F-6BCE-4D1C-A982-D1C58D6B79F2}.Debug|x64.Build.0 = Debug|x64
		{5268434F-6BCE-4D1C-A982-D1C58D6B79F2}.Debug|x86.ActiveCfg = Debug|Win32
		{5268434F-6BCE-4D1C-A982-D1C58D6B79F2}.Debug|x86.Build.0 = Debug|Win32
		{5268434F-6BCE-4D1C-A982-D1C58D6B79F2}.Release|x64.ActiveCfg = Release|x64
		{5268434F-6BCE-4D1C-A982-D1C58D6B79F2}.Release|x64.Build.0 = Release|x64
		{5268434F-6BCE-4D1C-A982-D1C58D6B79F2}.Release|x86.ActiveCfg = Release|Win32
		{5268434F-6BCE-4D1C-A982-D1C58D6B79F2}.Release|x86.Build.0 = Release|Win32
		{B2B6283F-959E-4D61-9ABE-D65E541C3FBB}.Debug|x64.ActiveCfg = Debug|x64
		{B2B6283F-959E-4D61-9ABE-D65E541C3FBB}.Debug|x64.Build.0 = Debug|x64
		{B2B6283F-959E-4D61-9ABE-D65E541C3FBB}.Debug|x86.ActiveCfg = Debug|Win32
		{B2B6283F-959E-4D61-9ABE-D65E541C3FBB}.Debug|x86.Build.0 = Debug|Win32
		{B2B6283F-959E-4D61-9ABE-D65E541C3FBB}.Release|x64.ActiveCfg = Release|x64
		{B2B6283F-959E-4D61-9ABE-D65E541C3FBB}.Release|x64.Build.0 = Release|x64
		{B2B6283F-959E-4D61-9ABE-D65E541C3FBB}.Release|x86.ActiveCfg = Release|Win32
		{B2B6283F-959E-4D61-9ABE-D65E541C3FBB}.Release|x86.Build.0 = Release|Win32
		{D34139F8-CFAC-4270-871C-A75642CFF083}.Debug|x64.ActiveCfg = Debug|x64
		{D34139F8-CFAC-4270-871C-A75642CFF083}.Debug|x64.Build.0 = Debug|x64
		{D34139F8-CFAC-4270-871C-A75642CFF083}.Debug|x86.ActiveCfg = Debug|Win32
		{D34139F8-CFAC-4270-871C-A75642CFF083}.Debug|x86.Build.0 = Debug|Win32
		{D34139F8-CFAC-4270-871C-A75642CFF083}.Release|x64.ActiveCfg = Release|x64
		{D34139F8-CFAC-4270-871C-A75642CFF083}.Release|x64.Build.0 = Release|x64
		{D34139F8-CFAC-4270-871C-A75642CFF083}.Release|x86.ActiveCfg = Release|Win32
		{D34139F8-CFAC-4270-871C-A75642CFF083}.Release|x86.Build.0 = Release|Win32
		{A1BC1547-AF03-44F8-91A2-91057B3A68D9}.Debug|x64.ActiveCfg = Debug|x64
		{A1BC1547-AF03-44F8-91A2-91057B3A68D9}.Debug|x64.Build.0 = Debug|x64
		{A1BC1547-AF03-44F8-91A2-91057B3A68D9}.Debug|x86.ActiveCfg = Debug|Win32
		{A1BC1547-AF03-44F8-91A2-91057B3A68D9}.Debug|x86.Build.0 = Debug|Win32
		{A1BC1547-AF03-44F8-91A2-91057B3A68D9}.Release|x64.ActiveCfg = Release|x64
		{A1BC1547-AF03-44F8-91A2-91057B3A68D9}.Release|x64.Build.0 = Release|x64
		{A1BC1547-AF03-44F8-91A2-91057B3A68D9}.Release|x86.ActiveCfg = Release|Win32
		{A1BC1547-AF03-44F8-91A2-91057B3A68D9}.Release|x86.Build.0 = Release|Win32
		{9EBF469E-6E17-437A-BC04-B49E2E46B8C2}.Debug|x64.ActiveCfg = Debug|x64
		{9EBF469E-6E17-437A-BC04-B49E2E46B8C2}.Debug|x64.Build.0 = Debug|x64
		{9EBF469E-6E17-437A-BC04-B49E2E46B8C2}.Debug|x86.ActiveCfg = Debug|Win32
		{9EBF469E-6E17-437A-BC04-B49E2E46B8C2}.Debug|x86.Build.0 = Debug|Win32
		{9EBF469E-6E17-437A-BC04-B49E2E46B8C2}.Release|x64.ActiveCfg = Release|x64
		{9EBF469E-6E17-437A-BC04-B49E2E46B8C2}.Release|x64.Build.0 = Release|x64
		{9EBF469E-6E17-437A-BC04-B49E2E46B8C2}.Release|x86.ActiveCfg = Release|Win32
		{9EBF469E-6E17-437A-BC04-B49E2E46B8C2}.Release|x86.Build.0 = Release|Win32
		{50C6A31D-4CA1-4DDE-9F6D-6FB4B94E78A6}.Debug|x64.ActiveCfg = Debug|x64
		{50C6A31D-4CA1-4DDE-9F6D-6FB4B94E78A6}.Debug|x64.Build.0 = Debug|x64
		{50C6A31D-4CA1-4DDE-9F6D-6FB4B94E78A6}.Debug|x86.ActiveCfg = Debug|Win32
		{50C6A31D-4CA1-4DDE-9F6D-6FB4B94E78A6}.Debug|x86.Build.0 = Debug|Win32
		{50C6A31D-4CA1-4DDE-9F6D-6FB4B94E78A6}.Release|x64.ActiveCfg = Release|x64
		{50C6A31D-4CA1-4DDE-9F6D-6FB4B94E78A6}.Release|x64.Build.0 = Release|x64
		{50C6A31D-4CA1-4DDE-9F6D-6FB4B94E78A6}.Release|x86.ActiveCfg = Release|Win32
		{50C6A31D-4CA1-4DDE-9F6D-6FB4B94E78A6}.Release|x86.Build.0 = Release|Win32
		{7311E05F-2502-4EAA-A4F7-4B0669B8342C}.Debug|x64.ActiveCfg = Debug|x64
		{7311E05F-2502-4EAA-A4F7-4B0669B8342C}.Debug|x64.Build.0 = Debug|x64
		{7311E05F-2502-4EAA-A4F7-4B0669B8342C}.Debug|x86.ActiveCfg = Debug|Win32
		{7311E05F-2502-4EAA-A4F7-4B0669B8342C}.Debug|x86.Build.0 = Debug|Win32
		{7311E05F-2502-4EAA-A4F7-4B0669B8342C}.Release|x64.ActiveCfg = Release|x64
		{7311E05F-2502-4EAA-A4F7-4B0669B8342C}.Release|x64.Build.0 = Release|x64
		{7311E05F-2502-4EAA-A4F7-4B0669B8342C}.Release|x86.ActiveCfg = Release|Win32
		{7311E05F-2502-4EAA-A4F7-4B0669B8342C}.Release|x86.Build.0 = Release|Win32
		{B5FDB87B-FF9C-4C69-9990-4D22E920701D}.Debug|x64.ActiveCfg = Debug|x64
		{B5FDB87B-FF9C-4C69-9990-4D22E920701D}.Debug|x64.Build.0 = Debug|x64
		{B5FDB87B-FF9C-4C69-9990-4D22E920701D}.Debug|x86.ActiveCfg = Debug|Win32
		{B5FDB87B-FF9C-4C69-9990-4D22E920701D}.Debug|x86.Build.0 = Debug|Win32
		{B5FDB87B-FF9C-4C69-9990-4D22E920701D}.Release|x64.ActiveCfg = Release|x64
		{B5FDB87B-FF9C-4C69-9990-4D22E920701D}.Release|x64.Build.0 = Release|x64
		{B5FDB87B-FF9C-4C69-9990-4D22E920701D}.Release|x86.ActiveCfg = Release|Win32
		{B5FDB87B-FF9C-4C69-9990-4D22E920701D}.Release|x86.Build.0 = Release|Win32
	EndGlobalSection
	GlobalSection(SolutionProperties) = preSolution
		HideSolutionNode = FALSE
	EndGlobalSection
EndGlobal
