
Microsoft Visual Studio Solution File, Format Version 12.00
# Visual Studio 14
VisualStudioVersion = 14.0.25420.1
MinimumVisualStudioVersion = 10.0.40219.1
Project("{8BC9CEB8-8B4A-11D0-8D11-00A0C91BC942}") = "7-B16-1", "7-B16\7-B16.vcxproj", "{3E60ADF6-585E-4925-A7AF-25EDE8810325}"
EndProject
Project("{8BC9CEB8-8B4A-11D0-8D11-00A0C91BC942}") = "7-b16-2", "7-b16-2\7-b16-2.vcxproj", "{C62256BF-3B05-4E27-83D3-3F7D0E706015}"
EndProject
Project("{8BC9CEB8-8B4A-11D0-8D11-00A0C91BC942}") = "7-b17-1", "7-b17-1\7-b17-1.vcxproj", "{FE433A98-58DB-42AF-9BAC-14BA6589DC54}"
EndProject
Project("{8BC9CEB8-8B4A-11D0-8D11-00A0C91BC942}") = "7-b17-2", "7-b17-2\7-b17-2.vcxproj", "{148AD34D-6C40-46AE-B824-D9C3827D57C8}"
EndProject
Global
	GlobalSection(SolutionConfigurationPlatforms) = preSolution
		Debug|x64 = Debug|x64
		Debug|x86 = Debug|x86
		Release|x64 = Release|x64
		Release|x86 = Release|x86
	EndGlobalSection
	GlobalSection(ProjectConfigurationPlatforms) = postSolution
		{3E60ADF6-585E-4925-A7AF-25EDE8810325}.Debug|x64.ActiveCfg = Debug|x64
		{3E60ADF6-585E-4925-A7AF-25EDE8810325}.Debug|x64.Build.0 = Debug|x64
		{3E60ADF6-585E-4925-A7AF-25EDE8810325}.Debug|x86.ActiveCfg = Debug|Win32
		{3E60ADF6-585E-4925-A7AF-25EDE8810325}.Debug|x86.Build.0 = Debug|Win32
		{3E60ADF6-585E-4925-A7AF-25EDE8810325}.Release|x64.ActiveCfg = Release|x64
		{3E60ADF6-585E-4925-A7AF-25EDE8810325}.Release|x64.Build.0 = Release|x64
		{3E60ADF6-585E-4925-A7AF-25EDE8810325}.Release|x86.ActiveCfg = Release|Win32
		{3E60ADF6-585E-4925-A7AF-25EDE8810325}.Release|x86.Build.0 = Release|Win32
		{C62256BF-3B05-4E27-83D3-3F7D0E706015}.Debug|x64.ActiveCfg = Debug|x64
		{C62256BF-3B05-4E27-83D3-3F7D0E706015}.Debug|x64.Build.0 = Debug|x64
		{C62256BF-3B05-4E27-83D3-3F7D0E706015}.Debug|x86.ActiveCfg = Debug|Win32
		{C62256BF-3B05-4E27-83D3-3F7D0E706015}.Debug|x86.Build.0 = Debug|Win32
		{C62256BF-3B05-4E27-83D3-3F7D0E706015}.Release|x64.ActiveCfg = Release|x64
		{C62256BF-3B05-4E27-83D3-3F7D0E706015}.Release|x64.Build.0 = Release|x64
		{C62256BF-3B05-4E27-83D3-3F7D0E706015}.Release|x86.ActiveCfg = Release|Win32
		{C62256BF-3B05-4E27-83D3-3F7D0E706015}.Release|x86.Build.0 = Release|Win32
		{FE433A98-58DB-42AF-9BAC-14BA6589DC54}.Debug|x64.ActiveCfg = Debug|x64
		{FE433A98-58DB-42AF-9BAC-14BA6589DC54}.Debug|x64.Build.0 = Debug|x64
		{FE433A98-58DB-42AF-9BAC-14BA6589DC54}.Debug|x86.ActiveCfg = Debug|Win32
		{FE433A98-58DB-42AF-9BAC-14BA6589DC54}.Debug|x86.Build.0 = Debug|Win32
		{FE433A98-58DB-42AF-9BAC-14BA6589DC54}.Release|x64.ActiveCfg = Release|x64
		{FE433A98-58DB-42AF-9BAC-14BA6589DC54}.Release|x64.Build.0 = Release|x64
		{FE433A98-58DB-42AF-9BAC-14BA6589DC54}.Release|x86.ActiveCfg = Release|Win32
		{FE433A98-58DB-42AF-9BAC-14BA6589DC54}.Release|x86.Build.0 = Release|Win32
		{148AD34D-6C40-46AE-B824-D9C3827D57C8}.Debug|x64.ActiveCfg = Debug|x64
		{148AD34D-6C40-46AE-B824-D9C3827D57C8}.Debug|x64.Build.0 = Debug|x64
		{148AD34D-6C40-46AE-B824-D9C3827D57C8}.Debug|x86.ActiveCfg = Debug|Win32
		{148AD34D-6C40-46AE-B824-D9C3827D57C8}.Debug|x86.Build.0 = Debug|Win32
		{148AD34D-6C40-46AE-B824-D9C3827D57C8}.Release|x64.ActiveCfg = Release|x64
		{148AD34D-6C40-46AE-B824-D9C3827D57C8}.Release|x64.Build.0 = Release|x64
		{148AD34D-6C40-46AE-B824-D9C3827D57C8}.Release|x86.ActiveCfg = Release|Win32
		{148AD34D-6C40-46AE-B824-D9C3827D57C8}.Release|x86.Build.0 = Release|Win32
	EndGlobalSection
	GlobalSection(SolutionProperties) = preSolution
		HideSolutionNode = FALSE
	EndGlobalSection
EndGlobal
