
Microsoft Visual Studio Solution File, Format Version 12.00
# Visual Studio 14
VisualStudioVersion = 14.0.25420.1
MinimumVisualStudioVersion = 10.0.40219.1
Project("{8BC9CEB8-8B4A-11D0-8D11-00A0C91BC942}") = "BLASTClock_SJProject", "BLASTClock_SJProject\BLASTClock_SJProject.vcxproj", "{D8EDDA97-26A7-4185-9B73-55727F473859}"
EndProject
Project("{8BC9CEB8-8B4A-11D0-8D11-00A0C91BC942}") = "main", "..\HYPERBejeweled_SJProject\main\main.vcxproj", "{E025D04D-C89E-4C6F-AE03-BB5B630048CF}"
EndProject
Global
	GlobalSection(SolutionConfigurationPlatforms) = preSolution
		Debug|x64 = Debug|x64
		Debug|x86 = Debug|x86
		Release|x64 = Release|x64
		Release|x86 = Release|x86
	EndGlobalSection
	GlobalSection(ProjectConfigurationPlatforms) = postSolution
		{D8EDDA97-26A7-4185-9B73-55727F473859}.Debug|x64.ActiveCfg = Debug|x64
		{D8EDDA97-26A7-4185-9B73-55727F473859}.Debug|x64.Build.0 = Debug|x64
		{D8EDDA97-26A7-4185-9B73-55727F473859}.Debug|x86.ActiveCfg = Debug|Win32
		{D8EDDA97-26A7-4185-9B73-55727F473859}.Debug|x86.Build.0 = Debug|Win32
		{D8EDDA97-26A7-4185-9B73-55727F473859}.Release|x64.ActiveCfg = Release|x64
		{D8EDDA97-26A7-4185-9B73-55727F473859}.Release|x64.Build.0 = Release|x64
		{D8EDDA97-26A7-4185-9B73-55727F473859}.Release|x86.ActiveCfg = Release|Win32
		{D8EDDA97-26A7-4185-9B73-55727F473859}.Release|x86.Build.0 = Release|Win32
		{E025D04D-C89E-4C6F-AE03-BB5B630048CF}.Debug|x64.ActiveCfg = Debug|x64
		{E025D04D-C89E-4C6F-AE03-BB5B630048CF}.Debug|x64.Build.0 = Debug|x64
		{E025D04D-C89E-4C6F-AE03-BB5B630048CF}.Debug|x86.ActiveCfg = Debug|Win32
		{E025D04D-C89E-4C6F-AE03-BB5B630048CF}.Debug|x86.Build.0 = Debug|Win32
		{E025D04D-C89E-4C6F-AE03-BB5B630048CF}.Release|x64.ActiveCfg = Release|x64
		{E025D04D-C89E-4C6F-AE03-BB5B630048CF}.Release|x64.Build.0 = Release|x64
		{E025D04D-C89E-4C6F-AE03-BB5B630048CF}.Release|x86.ActiveCfg = Release|Win32
		{E025D04D-C89E-4C6F-AE03-BB5B630048CF}.Release|x86.Build.0 = Release|Win32
	EndGlobalSection
	GlobalSection(SolutionProperties) = preSolution
		HideSolutionNode = FALSE
	EndGlobalSection
EndGlobal
