
Microsoft Visual Studio Solution File, Format Version 12.00
# Visual Studio 14
VisualStudioVersion = 14.0.25420.1
MinimumVisualStudioVersion = 10.0.40219.1
Project("{8BC9CEB8-8B4A-11D0-8D11-00A0C91BC942}") = "2-71", "2-71\2-71.vcxproj", "{AC138BB4-0C63-4A4B-ACC9-8D666B567277}"
EndProject
Project("{8BC9CEB8-8B4A-11D0-8D11-00A0C91BC942}") = "10-4", "10-4\10-4.vcxproj", "{0DF81A3F-AB74-4744-B39C-DCF19BF6C9CD}"
EndProject
Project("{8BC9CEB8-8B4A-11D0-8D11-00A0C91BC942}") = "10-4-2", "10-4-2\10-4-2.vcxproj", "{2CCF3270-B666-404F-96F0-E67062FA4258}"
EndProject
Project("{8BC9CEB8-8B4A-11D0-8D11-00A0C91BC942}") = "10-5", "10-5\10-5.vcxproj", "{73158C22-583D-4816-8298-585823F026C9}"
EndProject
Project("{8BC9CEB8-8B4A-11D0-8D11-00A0C91BC942}") = "10-b1-1", "10-b1-1\10-b1-1.vcxproj", "{98646944-3B17-49AA-B379-5FC5654407A7}"
EndProject
Project("{8BC9CEB8-8B4A-11D0-8D11-00A0C91BC942}") = "10-b1-2", "10-b1-2\10-b1-2.vcxproj", "{A409C121-3A9D-4891-AA4F-6377D22240DF}"
EndProject
Project("{8BC9CEB8-8B4A-11D0-8D11-00A0C91BC942}") = "10-b1-3", "10-b1-3\10-b1-3.vcxproj", "{C09FA9CA-BE64-4B06-83A4-342CE0D8F828}"
EndProject
Project("{8BC9CEB8-8B4A-11D0-8D11-00A0C91BC942}") = "10-b1-4", "10-b1-4\10-b1-4.vcxproj", "{21CB11C2-971F-416A-8C68-893311972ADA}"
EndProject
Project("{8BC9CEB8-8B4A-11D0-8D11-00A0C91BC942}") = "10-b1-5", "10-b1-5\10-b1-5.vcxproj", "{9B21195C-887C-4981-A247-970FF29FC17B}"
EndProject
Project("{8BC9CEB8-8B4A-11D0-8D11-00A0C91BC942}") = "10-b1-6", "10-b1-6\10-b1-6.vcxproj", "{3005466E-E980-47E4-9E5B-1B3CB43AFE5A}"
EndProject
Project("{8BC9CEB8-8B4A-11D0-8D11-00A0C91BC942}") = "10-b1-7", "10-b1-7\10-b1-7.vcxproj", "{8A6AE1DE-608E-4E06-A678-30A18CBEF06B}"
EndProject
Project("{8BC9CEB8-8B4A-11D0-8D11-00A0C91BC942}") = "10-b1-8", "10-b1-8\10-b1-8.vcxproj", "{15AE3FF3-5800-485F-B009-61958E739464}"
EndProject
Project("{8BC9CEB8-8B4A-11D0-8D11-00A0C91BC942}") = "10-b1-9", "10-b1-9\10-b1-9.vcxproj", "{71F30F52-3DC9-4BE8-8CFB-B4AFB100C655}"
EndProject
Project("{8BC9CEB8-8B4A-11D0-8D11-00A0C91BC942}") = "10-b2", "10-b2\10-b2.vcxproj", "{47660387-AFBE-492D-9447-A282CD2C79E4}"
EndProject
Global
	GlobalSection(SolutionConfigurationPlatforms) = preSolution
		Debug|x64 = Debug|x64
		Debug|x86 = Debug|x86
		Release|x64 = Release|x64
		Release|x86 = Release|x86
	EndGlobalSection
	GlobalSection(ProjectConfigurationPlatforms) = postSolution
		{AC138BB4-0C63-4A4B-ACC9-8D666B567277}.Debug|x64.ActiveCfg = Debug|x64
		{AC138BB4-0C63-4A4B-ACC9-8D666B567277}.Debug|x64.Build.0 = Debug|x64
		{AC138BB4-0C63-4A4B-ACC9-8D666B567277}.Debug|x86.ActiveCfg = Debug|Win32
		{AC138BB4-0C63-4A4B-ACC9-8D666B567277}.Debug|x86.Build.0 = Debug|Win32
		{AC138BB4-0C63-4A4B-ACC9-8D666B567277}.Release|x64.ActiveCfg = Release|x64
		{AC138BB4-0C63-4A4B-ACC9-8D666B567277}.Release|x64.Build.0 = Release|x64
		{AC138BB4-0C63-4A4B-ACC9-8D666B567277}.Release|x86.ActiveCfg = Release|Win32
		{AC138BB4-0C63-4A4B-ACC9-8D666B567277}.Release|x86.Build.0 = Release|Win32
		{0DF81A3F-AB74-4744-B39C-DCF19BF6C9CD}.Debug|x64.ActiveCfg = Debug|x64
		{0DF81A3F-AB74-4744-B39C-DCF19BF6C9CD}.Debug|x64.Build.0 = Debug|x64
		{0DF81A3F-AB74-4744-B39C-DCF19BF6C9CD}.Debug|x86.ActiveCfg = Debug|Win32
		{0DF81A3F-AB74-4744-B39C-DCF19BF6C9CD}.Debug|x86.Build.0 = Debug|Win32
		{0DF81A3F-AB74-4744-B39C-DCF19BF6C9CD}.Release|x64.ActiveCfg = Release|x64
		{0DF81A3F-AB74-4744-B39C-DCF19BF6C9CD}.Release|x64.Build.0 = Release|x64
		{0DF81A3F-AB74-4744-B39C-DCF19BF6C9CD}.Release|x86.ActiveCfg = Release|Win32
		{0DF81A3F-AB74-4744-B39C-DCF19BF6C9CD}.Release|x86.Build.0 = Release|Win32
		{2CCF3270-B666-404F-96F0-E67062FA4258}.Debug|x64.ActiveCfg = Debug|x64
		{2CCF3270-B666-404F-96F0-E67062FA4258}.Debug|x64.Build.0 = Debug|x64
		{2CCF3270-B666-404F-96F0-E67062FA4258}.Debug|x86.ActiveCfg = Debug|Win32
		{2CCF3270-B666-404F-96F0-E67062FA4258}.Debug|x86.Build.0 = Debug|Win32
		{2CCF3270-B666-404F-96F0-E67062FA4258}.Release|x64.ActiveCfg = Release|x64
		{2CCF3270-B666-404F-96F0-E67062FA4258}.Release|x64.Build.0 = Release|x64
		{2CCF3270-B666-404F-96F0-E67062FA4258}.Release|x86.ActiveCfg = Release|Win32
		{2CCF3270-B666-404F-96F0-E67062FA4258}.Release|x86.Build.0 = Release|Win32
		{73158C22-583D-4816-8298-585823F026C9}.Debug|x64.ActiveCfg = Debug|x64
		{73158C22-583D-4816-8298-585823F026C9}.Debug|x64.Build.0 = Debug|x64
		{73158C22-583D-4816-8298-585823F026C9}.Debug|x86.ActiveCfg = Debug|Win32
		{73158C22-583D-4816-8298-585823F026C9}.Debug|x86.Build.0 = Debug|Win32
		{73158C22-583D-4816-8298-585823F026C9}.Release|x64.ActiveCfg = Release|x64
		{73158C22-583D-4816-8298-585823F026C9}.Release|x64.Build.0 = Release|x64
		{73158C22-583D-4816-8298-585823F026C9}.Release|x86.ActiveCfg = Release|Win32
		{73158C22-583D-4816-8298-585823F026C9}.Release|x86.Build.0 = Release|Win32
		{98646944-3B17-49AA-B379-5FC5654407A7}.Debug|x64.ActiveCfg = Debug|x64
		{98646944-3B17-49AA-B379-5FC5654407A7}.Debug|x64.Build.0 = Debug|x64
		{98646944-3B17-49AA-B379-5FC5654407A7}.Debug|x86.ActiveCfg = Debug|Win32
		{98646944-3B17-49AA-B379-5FC5654407A7}.Debug|x86.Build.0 = Debug|Win32
		{98646944-3B17-49AA-B379-5FC5654407A7}.Release|x64.ActiveCfg = Release|x64
		{98646944-3B17-49AA-B379-5FC5654407A7}.Release|x64.Build.0 = Release|x64
		{98646944-3B17-49AA-B379-5FC5654407A7}.Release|x86.ActiveCfg = Release|Win32
		{98646944-3B17-49AA-B379-5FC5654407A7}.Release|x86.Build.0 = Release|Win32
		{A409C121-3A9D-4891-AA4F-6377D22240DF}.Debug|x64.ActiveCfg = Debug|x64
		{A409C121-3A9D-4891-AA4F-6377D22240DF}.Debug|x64.Build.0 = Debug|x64
		{A409C121-3A9D-4891-AA4F-6377D22240DF}.Debug|x86.ActiveCfg = Debug|Win32
		{A409C121-3A9D-4891-AA4F-6377D22240DF}.Debug|x86.Build.0 = Debug|Win32
		{A409C121-3A9D-4891-AA4F-6377D22240DF}.Release|x64.ActiveCfg = Release|x64
		{A409C121-3A9D-4891-AA4F-6377D22240DF}.Release|x64.Build.0 = Release|x64
		{A409C121-3A9D-4891-AA4F-6377D22240DF}.Release|x86.ActiveCfg = Release|Win32
		{A409C121-3A9D-4891-AA4F-6377D22240DF}.Release|x86.Build.0 = Release|Win32
		{C09FA9CA-BE64-4B06-83A4-342CE0D8F828}.Debug|x64.ActiveCfg = Debug|x64
		{C09FA9CA-BE64-4B06-83A4-342CE0D8F828}.Debug|x64.Build.0 = Debug|x64
		{C09FA9CA-BE64-4B06-83A4-342CE0D8F828}.Debug|x86.ActiveCfg = Debug|Win32
		{C09FA9CA-BE64-4B06-83A4-342CE0D8F828}.Debug|x86.Build.0 = Debug|Win32
		{C09FA9CA-BE64-4B06-83A4-342CE0D8F828}.Release|x64.ActiveCfg = Release|x64
		{C09FA9CA-BE64-4B06-83A4-342CE0D8F828}.Release|x64.Build.0 = Release|x64
		{C09FA9CA-BE64-4B06-83A4-342CE0D8F828}.Release|x86.ActiveCfg = Release|Win32
		{C09FA9CA-BE64-4B06-83A4-342CE0D8F828}.Release|x86.Build.0 = Release|Win32
		{21CB11C2-971F-416A-8C68-893311972ADA}.Debug|x64.ActiveCfg = Debug|x64
		{21CB11C2-971F-416A-8C68-893311972ADA}.Debug|x64.Build.0 = Debug|x64
		{21CB11C2-971F-416A-8C68-893311972ADA}.Debug|x86.ActiveCfg = Debug|Win32
		{21CB11C2-971F-416A-8C68-893311972ADA}.Debug|x86.Build.0 = Debug|Win32
		{21CB11C2-971F-416A-8C68-893311972ADA}.Release|x64.ActiveCfg = Release|x64
		{21CB11C2-971F-416A-8C68-893311972ADA}.Release|x64.Build.0 = Release|x64
		{21CB11C2-971F-416A-8C68-893311972ADA}.Release|x86.ActiveCfg = Release|Win32
		{21CB11C2-971F-416A-8C68-893311972ADA}.Release|x86.Build.0 = Release|Win32
		{9B21195C-887C-4981-A247-970FF29FC17B}.Debug|x64.ActiveCfg = Debug|x64
		{9B21195C-887C-4981-A247-970FF29FC17B}.Debug|x64.Build.0 = Debug|x64
		{9B21195C-887C-4981-A247-970FF29FC17B}.Debug|x86.ActiveCfg = Debug|Win32
		{9B21195C-887C-4981-A247-970FF29FC17B}.Debug|x86.Build.0 = Debug|Win32
		{9B21195C-887C-4981-A247-970FF29FC17B}.Release|x64.ActiveCfg = Release|x64
		{9B21195C-887C-4981-A247-970FF29FC17B}.Release|x64.Build.0 = Release|x64
		{9B21195C-887C-4981-A247-970FF29FC17B}.Release|x86.ActiveCfg = Release|Win32
		{9B21195C-887C-4981-A247-970FF29FC17B}.Release|x86.Build.0 = Release|Win32
		{3005466E-E980-47E4-9E5B-1B3CB43AFE5A}.Debug|x64.ActiveCfg = Debug|x64
		{3005466E-E980-47E4-9E5B-1B3CB43AFE5A}.Debug|x64.Build.0 = Debug|x64
		{3005466E-E980-47E4-9E5B-1B3CB43AFE5A}.Debug|x86.ActiveCfg = Debug|Win32
		{3005466E-E980-47E4-9E5B-1B3CB43AFE5A}.Debug|x86.Build.0 = Debug|Win32
		{3005466E-E980-47E4-9E5B-1B3CB43AFE5A}.Release|x64.ActiveCfg = Release|x64
		{3005466E-E980-47E4-9E5B-1B3CB43AFE5A}.Release|x64.Build.0 = Release|x64
		{3005466E-E980-47E4-9E5B-1B3CB43AFE5A}.Release|x86.ActiveCfg = Release|Win32
		{3005466E-E980-47E4-9E5B-1B3CB43AFE5A}.Release|x86.Build.0 = Release|Win32
		{8A6AE1DE-608E-4E06-A678-30A18CBEF06B}.Debug|x64.ActiveCfg = Debug|x64
		{8A6AE1DE-608E-4E06-A678-30A18CBEF06B}.Debug|x64.Build.0 = Debug|x64
		{8A6AE1DE-608E-4E06-A678-30A18CBEF06B}.Debug|x86.ActiveCfg = Debug|Win32
		{8A6AE1DE-608E-4E06-A678-30A18CBEF06B}.Debug|x86.Build.0 = Debug|Win32
		{8A6AE1DE-608E-4E06-A678-30A18CBEF06B}.Release|x64.ActiveCfg = Release|x64
		{8A6AE1DE-608E-4E06-A678-30A18CBEF06B}.Release|x64.Build.0 = Release|x64
		{8A6AE1DE-608E-4E06-A678-30A18CBEF06B}.Release|x86.ActiveCfg = Release|Win32
		{8A6AE1DE-608E-4E06-A678-30A18CBEF06B}.Release|x86.Build.0 = Release|Win32
		{15AE3FF3-5800-485F-B009-61958E739464}.Debug|x64.ActiveCfg = Debug|x64
		{15AE3FF3-5800-485F-B009-61958E739464}.Debug|x64.Build.0 = Debug|x64
		{15AE3FF3-5800-485F-B009-61958E739464}.Debug|x86.ActiveCfg = Debug|Win32
		{15AE3FF3-5800-485F-B009-61958E739464}.Debug|x86.Build.0 = Debug|Win32
		{15AE3FF3-5800-485F-B009-61958E739464}.Release|x64.ActiveCfg = Release|x64
		{15AE3FF3-5800-485F-B009-61958E739464}.Release|x64.Build.0 = Release|x64
		{15AE3FF3-5800-485F-B009-61958E739464}.Release|x86.ActiveCfg = Release|Win32
		{15AE3FF3-5800-485F-B009-61958E739464}.Release|x86.Build.0 = Release|Win32
		{71F30F52-3DC9-4BE8-8CFB-B4AFB100C655}.Debug|x64.ActiveCfg = Debug|x64
		{71F30F52-3DC9-4BE8-8CFB-B4AFB100C655}.Debug|x64.Build.0 = Debug|x64
		{71F30F52-3DC9-4BE8-8CFB-B4AFB100C655}.Debug|x86.ActiveCfg = Debug|Win32
		{71F30F52-3DC9-4BE8-8CFB-B4AFB100C655}.Debug|x86.Build.0 = Debug|Win32
		{71F30F52-3DC9-4BE8-8CFB-B4AFB100C655}.Release|x64.ActiveCfg = Release|x64
		{71F30F52-3DC9-4BE8-8CFB-B4AFB100C655}.Release|x64.Build.0 = Release|x64
		{71F30F52-3DC9-4BE8-8CFB-B4AFB100C655}.Release|x86.ActiveCfg = Release|Win32
		{71F30F52-3DC9-4BE8-8CFB-B4AFB100C655}.Release|x86.Build.0 = Release|Win32
		{47660387-AFBE-492D-9447-A282CD2C79E4}.Debug|x64.ActiveCfg = Debug|x64
		{47660387-AFBE-492D-9447-A282CD2C79E4}.Debug|x64.Build.0 = Debug|x64
		{47660387-AFBE-492D-9447-A282CD2C79E4}.Debug|x86.ActiveCfg = Debug|Win32
		{47660387-AFBE-492D-9447-A282CD2C79E4}.Debug|x86.Build.0 = Debug|Win32
		{47660387-AFBE-492D-9447-A282CD2C79E4}.Release|x64.ActiveCfg = Release|x64
		{47660387-AFBE-492D-9447-A282CD2C79E4}.Release|x64.Build.0 = Release|x64
		{47660387-AFBE-492D-9447-A282CD2C79E4}.Release|x86.ActiveCfg = Release|Win32
		{47660387-AFBE-492D-9447-A282CD2C79E4}.Release|x86.Build.0 = Release|Win32
	EndGlobalSection
	GlobalSection(SolutionProperties) = preSolution
		HideSolutionNode = FALSE
	EndGlobalSection
EndGlobal
