
Microsoft Visual Studio Solution File, Format Version 12.00
# Visual Studio 14
VisualStudioVersion = 14.0.25420.1
MinimumVisualStudioVersion = 10.0.40219.1
Project("{8BC9CEB8-8B4A-11D0-8D11-00A0C91BC942}") = "SJHomework5ArrayFirst", "SJHomework5ArrayFirst\SJHomework5ArrayFirst.vcxproj", "{78AF49A8-0F88-4978-97F5-6C6177581D09}"
EndProject
Project("{8BC9CEB8-8B4A-11D0-8D11-00A0C91BC942}") = "5-4", "5-4\5-4.vcxproj", "{641DEF47-68A1-4B0B-B4A7-7C4BE7CB8C0E}"
EndProject
Project("{8BC9CEB8-8B4A-11D0-8D11-00A0C91BC942}") = "5-6", "5-6\5-6.vcxproj", "{61CC33D5-9533-4CCC-BBD4-79807FC800C2}"
EndProject
Project("{8BC9CEB8-8B4A-11D0-8D11-00A0C91BC942}") = "5-b1", "5-b1\5-b1.vcxproj", "{D514ECE6-8F0A-40E4-A1D1-82DA133BDE51}"
EndProject
Project("{8BC9CEB8-8B4A-11D0-8D11-00A0C91BC942}") = "5-b2", "5-b2\5-b2.vcxproj", "{A0D0B09C-1C23-48E1-819C-C0A3B40A6764}"
EndProject
Project("{8BC9CEB8-8B4A-11D0-8D11-00A0C91BC942}") = "5-b3", "5-b3\5-b3.vcxproj", "{2C54AD93-1EEC-43F8-A426-41C1ABD104F3}"
EndProject
Project("{8BC9CEB8-8B4A-11D0-8D11-00A0C91BC942}") = "5-b4", "5-b4\5-b4.vcxproj", "{94055403-DD40-46E0-9A56-F42649C56B95}"
EndProject
Project("{8BC9CEB8-8B4A-11D0-8D11-00A0C91BC942}") = "5-b5", "5-b5\5-b5.vcxproj", "{F1697A86-F156-45C3-943A-131B6D51E2E8}"
EndProject
Project("{8BC9CEB8-8B4A-11D0-8D11-00A0C91BC942}") = "5-b6", "5-b6\5-b6.vcxproj", "{3FFB66D4-E9E6-4BEE-A249-CC483F7EA5E1}"
EndProject
Global
	GlobalSection(SolutionConfigurationPlatforms) = preSolution
		Debug|x64 = Debug|x64
		Debug|x86 = Debug|x86
		Release|x64 = Release|x64
		Release|x86 = Release|x86
	EndGlobalSection
	GlobalSection(ProjectConfigurationPlatforms) = postSolution
		{78AF49A8-0F88-4978-97F5-6C6177581D09}.Debug|x64.ActiveCfg = Debug|x64
		{78AF49A8-0F88-4978-97F5-6C6177581D09}.Debug|x64.Build.0 = Debug|x64
		{78AF49A8-0F88-4978-97F5-6C6177581D09}.Debug|x86.ActiveCfg = Debug|Win32
		{78AF49A8-0F88-4978-97F5-6C6177581D09}.Debug|x86.Build.0 = Debug|Win32
		{78AF49A8-0F88-4978-97F5-6C6177581D09}.Release|x64.ActiveCfg = Release|x64
		{78AF49A8-0F88-4978-97F5-6C6177581D09}.Release|x64.Build.0 = Release|x64
		{78AF49A8-0F88-4978-97F5-6C6177581D09}.Release|x86.ActiveCfg = Release|Win32
		{78AF49A8-0F88-4978-97F5-6C6177581D09}.Release|x86.Build.0 = Release|Win32
		{641DEF47-68A1-4B0B-B4A7-7C4BE7CB8C0E}.Debug|x64.ActiveCfg = Debug|x64
		{641DEF47-68A1-4B0B-B4A7-7C4BE7CB8C0E}.Debug|x64.Build.0 = Debug|x64
		{641DEF47-68A1-4B0B-B4A7-7C4BE7CB8C0E}.Debug|x86.ActiveCfg = Debug|Win32
		{641DEF47-68A1-4B0B-B4A7-7C4BE7CB8C0E}.Debug|x86.Build.0 = Debug|Win32
		{641DEF47-68A1-4B0B-B4A7-7C4BE7CB8C0E}.Release|x64.ActiveCfg = Release|x64
		{641DEF47-68A1-4B0B-B4A7-7C4BE7CB8C0E}.Release|x64.Build.0 = Release|x64
		{641DEF47-68A1-4B0B-B4A7-7C4BE7CB8C0E}.Release|x86.ActiveCfg = Release|Win32
		{641DEF47-68A1-4B0B-B4A7-7C4BE7CB8C0E}.Release|x86.Build.0 = Release|Win32
		{61CC33D5-9533-4CCC-BBD4-79807FC800C2}.Debug|x64.ActiveCfg = Debug|x64
		{61CC33D5-9533-4CCC-BBD4-79807FC800C2}.Debug|x64.Build.0 = Debug|x64
		{61CC33D5-9533-4CCC-BBD4-79807FC800C2}.Debug|x86.ActiveCfg = Debug|Win32
		{61CC33D5-9533-4CCC-BBD4-79807FC800C2}.Debug|x86.Build.0 = Debug|Win32
		{61CC33D5-9533-4CCC-BBD4-79807FC800C2}.Release|x64.ActiveCfg = Release|x64
		{61CC33D5-9533-4CCC-BBD4-79807FC800C2}.Release|x64.Build.0 = Release|x64
		{61CC33D5-9533-4CCC-BBD4-79807FC800C2}.Release|x86.ActiveCfg = Release|Win32
		{61CC33D5-9533-4CCC-BBD4-79807FC800C2}.Release|x86.Build.0 = Release|Win32
		{D514ECE6-8F0A-40E4-A1D1-82DA133BDE51}.Debug|x64.ActiveCfg = Debug|x64
		{D514ECE6-8F0A-40E4-A1D1-82DA133BDE51}.Debug|x64.Build.0 = Debug|x64
		{D514ECE6-8F0A-40E4-A1D1-82DA133BDE51}.Debug|x86.ActiveCfg = Debug|Win32
		{D514ECE6-8F0A-40E4-A1D1-82DA133BDE51}.Debug|x86.Build.0 = Debug|Win32
		{D514ECE6-8F0A-40E4-A1D1-82DA133BDE51}.Release|x64.ActiveCfg = Release|x64
		{D514ECE6-8F0A-40E4-A1D1-82DA133BDE51}.Release|x64.Build.0 = Release|x64
		{D514ECE6-8F0A-40E4-A1D1-82DA133BDE51}.Release|x86.ActiveCfg = Release|Win32
		{D514ECE6-8F0A-40E4-A1D1-82DA133BDE51}.Release|x86.Build.0 = Release|Win32
		{A0D0B09C-1C23-48E1-819C-C0A3B40A6764}.Debug|x64.ActiveCfg = Debug|x64
		{A0D0B09C-1C23-48E1-819C-C0A3B40A6764}.Debug|x64.Build.0 = Debug|x64
		{A0D0B09C-1C23-48E1-819C-C0A3B40A6764}.Debug|x86.ActiveCfg = Debug|Win32
		{A0D0B09C-1C23-48E1-819C-C0A3B40A6764}.Debug|x86.Build.0 = Debug|Win32
		{A0D0B09C-1C23-48E1-819C-C0A3B40A6764}.Release|x64.ActiveCfg = Release|x64
		{A0D0B09C-1C23-48E1-819C-C0A3B40A6764}.Release|x64.Build.0 = Release|x64
		{A0D0B09C-1C23-48E1-819C-C0A3B40A6764}.Release|x86.ActiveCfg = Release|Win32
		{A0D0B09C-1C23-48E1-819C-C0A3B40A6764}.Release|x86.Build.0 = Release|Win32
		{2C54AD93-1EEC-43F8-A426-41C1ABD104F3}.Debug|x64.ActiveCfg = Debug|x64
		{2C54AD93-1EEC-43F8-A426-41C1ABD104F3}.Debug|x64.Build.0 = Debug|x64
		{2C54AD93-1EEC-43F8-A426-41C1ABD104F3}.Debug|x86.ActiveCfg = Debug|Win32
		{2C54AD93-1EEC-43F8-A426-41C1ABD104F3}.Debug|x86.Build.0 = Debug|Win32
		{2C54AD93-1EEC-43F8-A426-41C1ABD104F3}.Release|x64.ActiveCfg = Release|x64
		{2C54AD93-1EEC-43F8-A426-41C1ABD104F3}.Release|x64.Build.0 = Release|x64
		{2C54AD93-1EEC-43F8-A426-41C1ABD104F3}.Release|x86.ActiveCfg = Release|Win32
		{2C54AD93-1EEC-43F8-A426-41C1ABD104F3}.Release|x86.Build.0 = Release|Win32
		{94055403-DD40-46E0-9A56-F42649C56B95}.Debug|x64.ActiveCfg = Debug|x64
		{94055403-DD40-46E0-9A56-F42649C56B95}.Debug|x64.Build.0 = Debug|x64
		{94055403-DD40-46E0-9A56-F42649C56B95}.Debug|x86.ActiveCfg = Debug|Win32
		{94055403-DD40-46E0-9A56-F42649C56B95}.Debug|x86.Build.0 = Debug|Win32
		{94055403-DD40-46E0-9A56-F42649C56B95}.Release|x64.ActiveCfg = Release|x64
		{94055403-DD40-46E0-9A56-F42649C56B95}.Release|x64.Build.0 = Release|x64
		{94055403-DD40-46E0-9A56-F42649C56B95}.Release|x86.ActiveCfg = Release|Win32
		{94055403-DD40-46E0-9A56-F42649C56B95}.Release|x86.Build.0 = Release|Win32
		{F1697A86-F156-45C3-943A-131B6D51E2E8}.Debug|x64.ActiveCfg = Debug|x64
		{F1697A86-F156-45C3-943A-131B6D51E2E8}.Debug|x64.Build.0 = Debug|x64
		{F1697A86-F156-45C3-943A-131B6D51E2E8}.Debug|x86.ActiveCfg = Debug|Win32
		{F1697A86-F156-45C3-943A-131B6D51E2E8}.Debug|x86.Build.0 = Debug|Win32
		{F1697A86-F156-45C3-943A-131B6D51E2E8}.Release|x64.ActiveCfg = Release|x64
		{F1697A86-F156-45C3-943A-131B6D51E2E8}.Release|x64.Build.0 = Release|x64
		{F1697A86-F156-45C3-943A-131B6D51E2E8}.Release|x86.ActiveCfg = Release|Win32
		{F1697A86-F156-45C3-943A-131B6D51E2E8}.Release|x86.Build.0 = Release|Win32
		{3FFB66D4-E9E6-4BEE-A249-CC483F7EA5E1}.Debug|x64.ActiveCfg = Debug|x64
		{3FFB66D4-E9E6-4BEE-A249-CC483F7EA5E1}.Debug|x64.Build.0 = Debug|x64
		{3FFB66D4-E9E6-4BEE-A249-CC483F7EA5E1}.Debug|x86.ActiveCfg = Debug|Win32
		{3FFB66D4-E9E6-4BEE-A249-CC483F7EA5E1}.Debug|x86.Build.0 = Debug|Win32
		{3FFB66D4-E9E6-4BEE-A249-CC483F7EA5E1}.Release|x64.ActiveCfg = Release|x64
		{3FFB66D4-E9E6-4BEE-A249-CC483F7EA5E1}.Release|x64.Build.0 = Release|x64
		{3FFB66D4-E9E6-4BEE-A249-CC483F7EA5E1}.Release|x86.ActiveCfg = Release|Win32
		{3FFB66D4-E9E6-4BEE-A249-CC483F7EA5E1}.Release|x86.Build.0 = Release|Win32
	EndGlobalSection
	GlobalSection(SolutionProperties) = preSolution
		HideSolutionNode = FALSE
	EndGlobalSection
EndGlobal
