
Microsoft Visual Studio Solution File, Format Version 12.00
# Visual Studio 14
VisualStudioVersion = 14.0.25420.1
MinimumVisualStudioVersion = 10.0.40219.1
Project("{8BC9CEB8-8B4A-11D0-8D11-00A0C91BC942}") = "3-10", "3-10\3-10.vcxproj", "{8AC41738-29D8-4A19-B9BC-15370CBE9AB1}"
EndProject
Project("{8BC9CEB8-8B4A-11D0-8D11-00A0C91BC942}") = "3-12", "3-12\3-12.vcxproj", "{EFE35C00-9D0F-46DC-8D87-5E51316479C8}"
EndProject
Project("{8BC9CEB8-8B4A-11D0-8D11-00A0C91BC942}") = "test", "test\test.vcxproj", "{39D4CD07-2158-4392-81E2-0C6A0125B61F}"
EndProject
Project("{8BC9CEB8-8B4A-11D0-8D11-00A0C91BC942}") = "3-13-1", "3-13-1\3-13-1.vcxproj", "{746EE3B7-6286-48C5-BA58-19554A56B616}"
EndProject
Project("{8BC9CEB8-8B4A-11D0-8D11-00A0C91BC942}") = "3-13-2", "3-13-2\3-13-2.vcxproj", "{8DC51411-AA4B-4BA8-B684-917DCACD5171}"
EndProject
Project("{8BC9CEB8-8B4A-11D0-8D11-00A0C91BC942}") = "3-14", "3-14\3-14.vcxproj", "{DABB302A-2669-474C-95D2-51CC6AA3C697}"
EndProject
Project("{8BC9CEB8-8B4A-11D0-8D11-00A0C91BC942}") = "3-b4", "3-b4\3-b4.vcxproj", "{559F3697-0073-4307-BAA7-D78484FEA306}"
EndProject
Project("{8BC9CEB8-8B4A-11D0-8D11-00A0C91BC942}") = "3-b4-1", "3-b4-1\3-b4-1.vcxproj", "{81A69485-B654-45A2-A7A8-75643095BDED}"
EndProject
Project("{8BC9CEB8-8B4A-11D0-8D11-00A0C91BC942}") = "3-b5", "3-b5\3-b5.vcxproj", "{824DFBAA-4722-4DFD-88C5-FE2C9557F109}"
EndProject
Project("{8BC9CEB8-8B4A-11D0-8D11-00A0C91BC942}") = "3-b6", "3-b6\3-b6.vcxproj", "{2EADEAC6-5193-45EC-82FF-51948670697B}"
EndProject
Project("{8BC9CEB8-8B4A-11D0-8D11-00A0C91BC942}") = "3-b7", "3-b7\3-b7.vcxproj", "{B78D84C7-A2FD-41E9-9FF7-C625A69DC10B}"
EndProject
Project("{8BC9CEB8-8B4A-11D0-8D11-00A0C91BC942}") = "3-b8", "3-b8\3-b8.vcxproj", "{C1417F60-F0A6-435F-A437-4F59FFC728ED}"
EndProject
Project("{8BC9CEB8-8B4A-11D0-8D11-00A0C91BC942}") = "3-b9", "3-b9\3-b9.vcxproj", "{38794C83-72DD-417E-9670-2D6241366776}"
EndProject
Project("{8BC9CEB8-8B4A-11D0-8D11-00A0C91BC942}") = "3-b10", "3-b10\3-b10.vcxproj", "{A5AD9835-6C61-45E5-9396-C1CDF6FDB33C}"
EndProject
Project("{8BC9CEB8-8B4A-11D0-8D11-00A0C91BC942}") = "3-b10注释版", "3-b10注释版\3-b10注释版.vcxproj", "{B30AFEF4-33FF-4E8D-AD4A-95365BC8EFCC}"
EndProject
Project("{8BC9CEB8-8B4A-11D0-8D11-00A0C91BC942}") = "3-b10正常班", "3-b10正常班\3-b10正常班.vcxproj", "{FF15EF33-591F-4EE7-B517-C597FB09DF46}"
EndProject
Project("{8BC9CEB8-8B4A-11D0-8D11-00A0C91BC942}") = "3-b10超短版", "3-b10超短版\3-b10超短版.vcxproj", "{B9676337-AB61-445D-AC73-47B3CA2EDF45}"
EndProject
Global
	GlobalSection(SolutionConfigurationPlatforms) = preSolution
		Debug|x64 = Debug|x64
		Debug|x86 = Debug|x86
		Release|x64 = Release|x64
		Release|x86 = Release|x86
	EndGlobalSection
	GlobalSection(ProjectConfigurationPlatforms) = postSolution
		{8AC41738-29D8-4A19-B9BC-15370CBE9AB1}.Debug|x64.ActiveCfg = Debug|x64
		{8AC41738-29D8-4A19-B9BC-15370CBE9AB1}.Debug|x64.Build.0 = Debug|x64
		{8AC41738-29D8-4A19-B9BC-15370CBE9AB1}.Debug|x86.ActiveCfg = Debug|Win32
		{8AC41738-29D8-4A19-B9BC-15370CBE9AB1}.Debug|x86.Build.0 = Debug|Win32
		{8AC41738-29D8-4A19-B9BC-15370CBE9AB1}.Release|x64.ActiveCfg = Release|x64
		{8AC41738-29D8-4A19-B9BC-15370CBE9AB1}.Release|x64.Build.0 = Release|x64
		{8AC41738-29D8-4A19-B9BC-15370CBE9AB1}.Release|x86.ActiveCfg = Release|Win32
		{8AC41738-29D8-4A19-B9BC-15370CBE9AB1}.Release|x86.Build.0 = Release|Win32
		{EFE35C00-9D0F-46DC-8D87-5E51316479C8}.Debug|x64.ActiveCfg = Debug|x64
		{EFE35C00-9D0F-46DC-8D87-5E51316479C8}.Debug|x64.Build.0 = Debug|x64
		{EFE35C00-9D0F-46DC-8D87-5E51316479C8}.Debug|x86.ActiveCfg = Debug|Win32
		{EFE35C00-9D0F-46DC-8D87-5E51316479C8}.Debug|x86.Build.0 = Debug|Win32
		{EFE35C00-9D0F-46DC-8D87-5E51316479C8}.Release|x64.ActiveCfg = Release|x64
		{EFE35C00-9D0F-46DC-8D87-5E51316479C8}.Release|x64.Build.0 = Release|x64
		{EFE35C00-9D0F-46DC-8D87-5E51316479C8}.Release|x86.ActiveCfg = Release|Win32
		{EFE35C00-9D0F-46DC-8D87-5E51316479C8}.Release|x86.Build.0 = Release|Win32
		{39D4CD07-2158-4392-81E2-0C6A0125B61F}.Debug|x64.ActiveCfg = Debug|x64
		{39D4CD07-2158-4392-81E2-0C6A0125B61F}.Debug|x64.Build.0 = Debug|x64
		{39D4CD07-2158-4392-81E2-0C6A0125B61F}.Debug|x86.ActiveCfg = Debug|Win32
		{39D4CD07-2158-4392-81E2-0C6A0125B61F}.Debug|x86.Build.0 = Debug|Win32
		{39D4CD07-2158-4392-81E2-0C6A0125B61F}.Release|x64.ActiveCfg = Release|x64
		{39D4CD07-2158-4392-81E2-0C6A0125B61F}.Release|x64.Build.0 = Release|x64
		{39D4CD07-2158-4392-81E2-0C6A0125B61F}.Release|x86.ActiveCfg = Release|Win32
		{39D4CD07-2158-4392-81E2-0C6A0125B61F}.Release|x86.Build.0 = Release|Win32
		{746EE3B7-6286-48C5-BA58-19554A56B616}.Debug|x64.ActiveCfg = Debug|x64
		{746EE3B7-6286-48C5-BA58-19554A56B616}.Debug|x64.Build.0 = Debug|x64
		{746EE3B7-6286-48C5-BA58-19554A56B616}.Debug|x86.ActiveCfg = Debug|Win32
		{746EE3B7-6286-48C5-BA58-19554A56B616}.Debug|x86.Build.0 = Debug|Win32
		{746EE3B7-6286-48C5-BA58-19554A56B616}.Release|x64.ActiveCfg = Release|x64
		{746EE3B7-6286-48C5-BA58-19554A56B616}.Release|x64.Build.0 = Release|x64
		{746EE3B7-6286-48C5-BA58-19554A56B616}.Release|x86.ActiveCfg = Release|Win32
		{746EE3B7-6286-48C5-BA58-19554A56B616}.Release|x86.Build.0 = Release|Win32
		{8DC51411-AA4B-4BA8-B684-917DCACD5171}.Debug|x64.ActiveCfg = Debug|x64
		{8DC51411-AA4B-4BA8-B684-917DCACD5171}.Debug|x64.Build.0 = Debug|x64
		{8DC51411-AA4B-4BA8-B684-917DCACD5171}.Debug|x86.ActiveCfg = Debug|Win32
		{8DC51411-AA4B-4BA8-B684-917DCACD5171}.Debug|x86.Build.0 = Debug|Win32
		{8DC51411-AA4B-4BA8-B684-917DCACD5171}.Release|x64.ActiveCfg = Release|x64
		{8DC51411-AA4B-4BA8-B684-917DCACD5171}.Release|x64.Build.0 = Release|x64
		{8DC51411-AA4B-4BA8-B684-917DCACD5171}.Release|x86.ActiveCfg = Release|Win32
		{8DC51411-AA4B-4BA8-B684-917DCACD5171}.Release|x86.Build.0 = Release|Win32
		{DABB302A-2669-474C-95D2-51CC6AA3C697}.Debug|x64.ActiveCfg = Debug|x64
		{DABB302A-2669-474C-95D2-51CC6AA3C697}.Debug|x64.Build.0 = Debug|x64
		{DABB302A-2669-474C-95D2-51CC6AA3C697}.Debug|x86.ActiveCfg = Debug|Win32
		{DABB302A-2669-474C-95D2-51CC6AA3C697}.Debug|x86.Build.0 = Debug|Win32
		{DABB302A-2669-474C-95D2-51CC6AA3C697}.Release|x64.ActiveCfg = Release|x64
		{DABB302A-2669-474C-95D2-51CC6AA3C697}.Release|x64.Build.0 = Release|x64
		{DABB302A-2669-474C-95D2-51CC6AA3C697}.Release|x86.ActiveCfg = Release|Win32
		{DABB302A-2669-474C-95D2-51CC6AA3C697}.Release|x86.Build.0 = Release|Win32
		{559F3697-0073-4307-BAA7-D78484FEA306}.Debug|x64.ActiveCfg = Debug|x64
		{559F3697-0073-4307-BAA7-D78484FEA306}.Debug|x64.Build.0 = Debug|x64
		{559F3697-0073-4307-BAA7-D78484FEA306}.Debug|x86.ActiveCfg = Debug|Win32
		{559F3697-0073-4307-BAA7-D78484FEA306}.Debug|x86.Build.0 = Debug|Win32
		{559F3697-0073-4307-BAA7-D78484FEA306}.Release|x64.ActiveCfg = Release|x64
		{559F3697-0073-4307-BAA7-D78484FEA306}.Release|x64.Build.0 = Release|x64
		{559F3697-0073-4307-BAA7-D78484FEA306}.Release|x86.ActiveCfg = Release|Win32
		{559F3697-0073-4307-BAA7-D78484FEA306}.Release|x86.Build.0 = Release|Win32
		{81A69485-B654-45A2-A7A8-75643095BDED}.Debug|x64.ActiveCfg = Debug|x64
		{81A69485-B654-45A2-A7A8-75643095BDED}.Debug|x64.Build.0 = Debug|x64
		{81A69485-B654-45A2-A7A8-75643095BDED}.Debug|x86.ActiveCfg = Debug|Win32
		{81A69485-B654-45A2-A7A8-75643095BDED}.Debug|x86.Build.0 = Debug|Win32
		{81A69485-B654-45A2-A7A8-75643095BDED}.Release|x64.ActiveCfg = Release|x64
		{81A69485-B654-45A2-A7A8-75643095BDED}.Release|x64.Build.0 = Release|x64
		{81A69485-B654-45A2-A7A8-75643095BDED}.Release|x86.ActiveCfg = Release|Win32
		{81A69485-B654-45A2-A7A8-75643095BDED}.Release|x86.Build.0 = Release|Win32
		{824DFBAA-4722-4DFD-88C5-FE2C9557F109}.Debug|x64.ActiveCfg = Debug|x64
		{824DFBAA-4722-4DFD-88C5-FE2C9557F109}.Debug|x64.Build.0 = Debug|x64
		{824DFBAA-4722-4DFD-88C5-FE2C9557F109}.Debug|x86.ActiveCfg = Debug|Win32
		{824DFBAA-4722-4DFD-88C5-FE2C9557F109}.Debug|x86.Build.0 = Debug|Win32
		{824DFBAA-4722-4DFD-88C5-FE2C9557F109}.Release|x64.ActiveCfg = Release|x64
		{824DFBAA-4722-4DFD-88C5-FE2C9557F109}.Release|x64.Build.0 = Release|x64
		{824DFBAA-4722-4DFD-88C5-FE2C9557F109}.Release|x86.ActiveCfg = Release|Win32
		{824DFBAA-4722-4DFD-88C5-FE2C9557F109}.Release|x86.Build.0 = Release|Win32
		{2EADEAC6-5193-45EC-82FF-51948670697B}.Debug|x64.ActiveCfg = Debug|x64
		{2EADEAC6-5193-45EC-82FF-51948670697B}.Debug|x64.Build.0 = Debug|x64
		{2EADEAC6-5193-45EC-82FF-51948670697B}.Debug|x86.ActiveCfg = Debug|Win32
		{2EADEAC6-5193-45EC-82FF-51948670697B}.Debug|x86.Build.0 = Debug|Win32
		{2EADEAC6-5193-45EC-82FF-51948670697B}.Release|x64.ActiveCfg = Release|x64
		{2EADEAC6-5193-45EC-82FF-51948670697B}.Release|x64.Build.0 = Release|x64
		{2EADEAC6-5193-45EC-82FF-51948670697B}.Release|x86.ActiveCfg = Release|Win32
		{2EADEAC6-5193-45EC-82FF-51948670697B}.Release|x86.Build.0 = Release|Win32
		{B78D84C7-A2FD-41E9-9FF7-C625A69DC10B}.Debug|x64.ActiveCfg = Debug|x64
		{B78D84C7-A2FD-41E9-9FF7-C625A69DC10B}.Debug|x64.Build.0 = Debug|x64
		{B78D84C7-A2FD-41E9-9FF7-C625A69DC10B}.Debug|x86.ActiveCfg = Debug|Win32
		{B78D84C7-A2FD-41E9-9FF7-C625A69DC10B}.Debug|x86.Build.0 = Debug|Win32
		{B78D84C7-A2FD-41E9-9FF7-C625A69DC10B}.Release|x64.ActiveCfg = Release|x64
		{B78D84C7-A2FD-41E9-9FF7-C625A69DC10B}.Release|x64.Build.0 = Release|x64
		{B78D84C7-A2FD-41E9-9FF7-C625A69DC10B}.Release|x86.ActiveCfg = Release|Win32
		{B78D84C7-A2FD-41E9-9FF7-C625A69DC10B}.Release|x86.Build.0 = Release|Win32
		{C1417F60-F0A6-435F-A437-4F59FFC728ED}.Debug|x64.ActiveCfg = Debug|x64
		{C1417F60-F0A6-435F-A437-4F59FFC728ED}.Debug|x64.Build.0 = Debug|x64
		{C1417F60-F0A6-435F-A437-4F59FFC728ED}.Debug|x86.ActiveCfg = Debug|Win32
		{C1417F60-F0A6-435F-A437-4F59FFC728ED}.Debug|x86.Build.0 = Debug|Win32
		{C1417F60-F0A6-435F-A437-4F59FFC728ED}.Release|x64.ActiveCfg = Release|x64
		{C1417F60-F0A6-435F-A437-4F59FFC728ED}.Release|x64.Build.0 = Release|x64
		{C1417F60-F0A6-435F-A437-4F59FFC728ED}.Release|x86.ActiveCfg = Release|Win32
		{C1417F60-F0A6-435F-A437-4F59FFC728ED}.Release|x86.Build.0 = Release|Win32
		{38794C83-72DD-417E-9670-2D6241366776}.Debug|x64.ActiveCfg = Debug|x64
		{38794C83-72DD-417E-9670-2D6241366776}.Debug|x64.Build.0 = Debug|x64
		{38794C83-72DD-417E-9670-2D6241366776}.Debug|x86.ActiveCfg = Debug|Win32
		{38794C83-72DD-417E-9670-2D6241366776}.Debug|x86.Build.0 = Debug|Win32
		{38794C83-72DD-417E-9670-2D6241366776}.Release|x64.ActiveCfg = Release|x64
		{38794C83-72DD-417E-9670-2D6241366776}.Release|x64.Build.0 = Release|x64
		{38794C83-72DD-417E-9670-2D6241366776}.Release|x86.ActiveCfg = Release|Win32
		{38794C83-72DD-417E-9670-2D6241366776}.Release|x86.Build.0 = Release|Win32
		{A5AD9835-6C61-45E5-9396-C1CDF6FDB33C}.Debug|x64.ActiveCfg = Debug|x64
		{A5AD9835-6C61-45E5-9396-C1CDF6FDB33C}.Debug|x64.Build.0 = Debug|x64
		{A5AD9835-6C61-45E5-9396-C1CDF6FDB33C}.Debug|x86.ActiveCfg = Debug|Win32
		{A5AD9835-6C61-45E5-9396-C1CDF6FDB33C}.Debug|x86.Build.0 = Debug|Win32
		{A5AD9835-6C61-45E5-9396-C1CDF6FDB33C}.Release|x64.ActiveCfg = Release|x64
		{A5AD9835-6C61-45E5-9396-C1CDF6FDB33C}.Release|x64.Build.0 = Release|x64
		{A5AD9835-6C61-45E5-9396-C1CDF6FDB33C}.Release|x86.ActiveCfg = Release|Win32
		{A5AD9835-6C61-45E5-9396-C1CDF6FDB33C}.Release|x86.Build.0 = Release|Win32
		{B30AFEF4-33FF-4E8D-AD4A-95365BC8EFCC}.Debug|x64.ActiveCfg = Debug|x64
		{B30AFEF4-33FF-4E8D-AD4A-95365BC8EFCC}.Debug|x64.Build.0 = Debug|x64
		{B30AFEF4-33FF-4E8D-AD4A-95365BC8EFCC}.Debug|x86.ActiveCfg = Debug|Win32
		{B30AFEF4-33FF-4E8D-AD4A-95365BC8EFCC}.Debug|x86.Build.0 = Debug|Win32
		{B30AFEF4-33FF-4E8D-AD4A-95365BC8EFCC}.Release|x64.ActiveCfg = Release|x64
		{B30AFEF4-33FF-4E8D-AD4A-95365BC8EFCC}.Release|x64.Build.0 = Release|x64
		{B30AFEF4-33FF-4E8D-AD4A-95365BC8EFCC}.Release|x86.ActiveCfg = Release|Win32
		{B30AFEF4-33FF-4E8D-AD4A-95365BC8EFCC}.Release|x86.Build.0 = Release|Win32
		{FF15EF33-591F-4EE7-B517-C597FB09DF46}.Debug|x64.ActiveCfg = Debug|x64
		{FF15EF33-591F-4EE7-B517-C597FB09DF46}.Debug|x64.Build.0 = Debug|x64
		{FF15EF33-591F-4EE7-B517-C597FB09DF46}.Debug|x86.ActiveCfg = Debug|Win32
		{FF15EF33-591F-4EE7-B517-C597FB09DF46}.Debug|x86.Build.0 = Debug|Win32
		{FF15EF33-591F-4EE7-B517-C597FB09DF46}.Release|x64.ActiveCfg = Release|x64
		{FF15EF33-591F-4EE7-B517-C597FB09DF46}.Release|x64.Build.0 = Release|x64
		{FF15EF33-591F-4EE7-B517-C597FB09DF46}.Release|x86.ActiveCfg = Release|Win32
		{FF15EF33-591F-4EE7-B517-C597FB09DF46}.Release|x86.Build.0 = Release|Win32
		{B9676337-AB61-445D-AC73-47B3CA2EDF45}.Debug|x64.ActiveCfg = Debug|x64
		{B9676337-AB61-445D-AC73-47B3CA2EDF45}.Debug|x64.Build.0 = Debug|x64
		{B9676337-AB61-445D-AC73-47B3CA2EDF45}.Debug|x86.ActiveCfg = Debug|Win32
		{B9676337-AB61-445D-AC73-47B3CA2EDF45}.Debug|x86.Build.0 = Debug|Win32
		{B9676337-AB61-445D-AC73-47B3CA2EDF45}.Release|x64.ActiveCfg = Release|x64
		{B9676337-AB61-445D-AC73-47B3CA2EDF45}.Release|x64.Build.0 = Release|x64
		{B9676337-AB61-445D-AC73-47B3CA2EDF45}.Release|x86.ActiveCfg = Release|Win32
		{B9676337-AB61-445D-AC73-47B3CA2EDF45}.Release|x86.Build.0 = Release|Win32
	EndGlobalSection
	GlobalSection(SolutionProperties) = preSolution
		HideSolutionNode = FALSE
	EndGlobalSection
EndGlobal
