
Microsoft Visual Studio Solution File, Format Version 12.00
# Visual Studio 14
VisualStudioVersion = 14.0.25420.1
MinimumVisualStudioVersion = 10.0.40219.1
Project("{8BC9CEB8-8B4A-11D0-8D11-00A0C91BC942}") = "7-b14", "7-b14\7-b14.vcxproj", "{2173AA2A-BFB1-4B6D-8522-D9EF7B3C6868}"
EndProject
Project("{8BC9CEB8-8B4A-11D0-8D11-00A0C91BC942}") = "7-b15", "7-b15\7-b15.vcxproj", "{7D45C516-BFA5-48D8-A6A0-E12BBD9A23CB}"
EndProject
Global
	GlobalSection(SolutionConfigurationPlatforms) = preSolution
		Debug|x64 = Debug|x64
		Debug|x86 = Debug|x86
		Release|x64 = Release|x64
		Release|x86 = Release|x86
	EndGlobalSection
	GlobalSection(ProjectConfigurationPlatforms) = postSolution
		{2173AA2A-BFB1-4B6D-8522-D9EF7B3C6868}.Debug|x64.ActiveCfg = Debug|x64
		{2173AA2A-BFB1-4B6D-8522-D9EF7B3C6868}.Debug|x64.Build.0 = Debug|x64
		{2173AA2A-BFB1-4B6D-8522-D9EF7B3C6868}.Debug|x86.ActiveCfg = Debug|Win32
		{2173AA2A-BFB1-4B6D-8522-D9EF7B3C6868}.Debug|x86.Build.0 = Debug|Win32
		{2173AA2A-BFB1-4B6D-8522-D9EF7B3C6868}.Release|x64.ActiveCfg = Release|x64
		{2173AA2A-BFB1-4B6D-8522-D9EF7B3C6868}.Release|x64.Build.0 = Release|x64
		{2173AA2A-BFB1-4B6D-8522-D9EF7B3C6868}.Release|x86.ActiveCfg = Release|Win32
		{2173AA2A-BFB1-4B6D-8522-D9EF7B3C6868}.Release|x86.Build.0 = Release|Win32
		{7D45C516-BFA5-48D8-A6A0-E12BBD9A23CB}.Debug|x64.ActiveCfg = Debug|x64
		{7D45C516-BFA5-48D8-A6A0-E12BBD9A23CB}.Debug|x64.Build.0 = Debug|x64
		{7D45C516-BFA5-48D8-A6A0-E12BBD9A23CB}.Debug|x86.ActiveCfg = Debug|Win32
		{7D45C516-BFA5-48D8-A6A0-E12BBD9A23CB}.Debug|x86.Build.0 = Debug|Win32
		{7D45C516-BFA5-48D8-A6A0-E12BBD9A23CB}.Release|x64.ActiveCfg = Release|x64
		{7D45C516-BFA5-48D8-A6A0-E12BBD9A23CB}.Release|x64.Build.0 = Release|x64
		{7D45C516-BFA5-48D8-A6A0-E12BBD9A23CB}.Release|x86.ActiveCfg = Release|Win32
		{7D45C516-BFA5-48D8-A6A0-E12BBD9A23CB}.Release|x86.Build.0 = Release|Win32
	EndGlobalSection
	GlobalSection(SolutionProperties) = preSolution
		HideSolutionNode = FALSE
	EndGlobalSection
EndGlobal
