
Microsoft Visual Studio Solution File, Format Version 12.00
# Visual Studio 14
VisualStudioVersion = 14.0.25420.1
MinimumVisualStudioVersion = 10.0.40219.1
Project("{8BC9CEB8-8B4A-11D0-8D11-00A0C91BC942}") = "test", "test\test.vcxproj", "{A3FF7742-800B-4C07-80BB-64242050CA6C}"
EndProject
Project("{8BC9CEB8-8B4A-11D0-8D11-00A0C91BC942}") = "3-15", "3-15\3-15.vcxproj", "{2E8BDC62-B8BF-4F33-BF46-64A01148D88A}"
EndProject
Project("{8BC9CEB8-8B4A-11D0-8D11-00A0C91BC942}") = "3-17", "3-17\3-17.vcxproj", "{7A078424-BA87-4D34-BEE3-58F12B2ECE3F}"
EndProject
Project("{8BC9CEB8-8B4A-11D0-8D11-00A0C91BC942}") = "3-20", "3-20\3-20.vcxproj", "{9CC1C562-A29A-428D-A074-522E5C898165}"
EndProject
Project("{8BC9CEB8-8B4A-11D0-8D11-00A0C91BC942}") = "3-22", "3-22\3-22.vcxproj", "{271094E7-3EAC-44B3-BAB4-D4FA86B1FBD3}"
EndProject
Project("{8BC9CEB8-8B4A-11D0-8D11-00A0C91BC942}") = "3-23", "3-23\3-23.vcxproj", "{571D4F26-45BF-4EA0-8E72-62D7DF4F047B}"
EndProject
Project("{8BC9CEB8-8B4A-11D0-8D11-00A0C91BC942}") = "3-b11", "3-b11\3-b11.vcxproj", "{14AD1050-6E88-45F7-B56B-07A015923576}"
EndProject
Project("{8BC9CEB8-8B4A-11D0-8D11-00A0C91BC942}") = "3-b12", "3-b12\3-b12.vcxproj", "{DED59080-592F-4521-855D-880A713A0401}"
EndProject
Project("{8BC9CEB8-8B4A-11D0-8D11-00A0C91BC942}") = "3-b13", "3-b13\3-b13.vcxproj", "{BA44D1E7-28D0-49A2-B383-EE004C7AE458}"
EndProject
Project("{8BC9CEB8-8B4A-11D0-8D11-00A0C91BC942}") = "3-b13_超短版", "3-b13_超短版\3-b13_超短版.vcxproj", "{DA1E5708-3EA7-4EF6-8150-033569B4E9D5}"
EndProject
Project("{8BC9CEB8-8B4A-11D0-8D11-00A0C91BC942}") = "3-b14", "3-b14\3-b14.vcxproj", "{2A1A2E35-EB2F-4C4D-95E1-69F7D13D338F}"
EndProject
Global
	GlobalSection(SolutionConfigurationPlatforms) = preSolution
		Debug|x64 = Debug|x64
		Debug|x86 = Debug|x86
		Release|x64 = Release|x64
		Release|x86 = Release|x86
	EndGlobalSection
	GlobalSection(ProjectConfigurationPlatforms) = postSolution
		{A3FF7742-800B-4C07-80BB-64242050CA6C}.Debug|x64.ActiveCfg = Debug|x64
		{A3FF7742-800B-4C07-80BB-64242050CA6C}.Debug|x64.Build.0 = Debug|x64
		{A3FF7742-800B-4C07-80BB-64242050CA6C}.Debug|x86.ActiveCfg = Debug|Win32
		{A3FF7742-800B-4C07-80BB-64242050CA6C}.Debug|x86.Build.0 = Debug|Win32
		{A3FF7742-800B-4C07-80BB-64242050CA6C}.Release|x64.ActiveCfg = Release|x64
		{A3FF7742-800B-4C07-80BB-64242050CA6C}.Release|x64.Build.0 = Release|x64
		{A3FF7742-800B-4C07-80BB-64242050CA6C}.Release|x86.ActiveCfg = Release|Win32
		{A3FF7742-800B-4C07-80BB-64242050CA6C}.Release|x86.Build.0 = Release|Win32
		{2E8BDC62-B8BF-4F33-BF46-64A01148D88A}.Debug|x64.ActiveCfg = Debug|x64
		{2E8BDC62-B8BF-4F33-BF46-64A01148D88A}.Debug|x64.Build.0 = Debug|x64
		{2E8BDC62-B8BF-4F33-BF46-64A01148D88A}.Debug|x86.ActiveCfg = Debug|Win32
		{2E8BDC62-B8BF-4F33-BF46-64A01148D88A}.Debug|x86.Build.0 = Debug|Win32
		{2E8BDC62-B8BF-4F33-BF46-64A01148D88A}.Release|x64.ActiveCfg = Release|x64
		{2E8BDC62-B8BF-4F33-BF46-64A01148D88A}.Release|x64.Build.0 = Release|x64
		{2E8BDC62-B8BF-4F33-BF46-64A01148D88A}.Release|x86.ActiveCfg = Release|Win32
		{2E8BDC62-B8BF-4F33-BF46-64A01148D88A}.Release|x86.Build.0 = Release|Win32
		{7A078424-BA87-4D34-BEE3-58F12B2ECE3F}.Debug|x64.ActiveCfg = Debug|x64
		{7A078424-BA87-4D34-BEE3-58F12B2ECE3F}.Debug|x64.Build.0 = Debug|x64
		{7A078424-BA87-4D34-BEE3-58F12B2ECE3F}.Debug|x86.ActiveCfg = Debug|Win32
		{7A078424-BA87-4D34-BEE3-58F12B2ECE3F}.Debug|x86.Build.0 = Debug|Win32
		{7A078424-BA87-4D34-BEE3-58F12B2ECE3F}.Release|x64.ActiveCfg = Release|x64
		{7A078424-BA87-4D34-BEE3-58F12B2ECE3F}.Release|x64.Build.0 = Release|x64
		{7A078424-BA87-4D34-BEE3-58F12B2ECE3F}.Release|x86.ActiveCfg = Release|Win32
		{7A078424-BA87-4D34-BEE3-58F12B2ECE3F}.Release|x86.Build.0 = Release|Win32
		{9CC1C562-A29A-428D-A074-522E5C898165}.Debug|x64.ActiveCfg = Debug|x64
		{9CC1C562-A29A-428D-A074-522E5C898165}.Debug|x64.Build.0 = Debug|x64
		{9CC1C562-A29A-428D-A074-522E5C898165}.Debug|x86.ActiveCfg = Debug|Win32
		{9CC1C562-A29A-428D-A074-522E5C898165}.Debug|x86.Build.0 = Debug|Win32
		{9CC1C562-A29A-428D-A074-522E5C898165}.Release|x64.ActiveCfg = Release|x64
		{9CC1C562-A29A-428D-A074-522E5C898165}.Release|x64.Build.0 = Release|x64
		{9CC1C562-A29A-428D-A074-522E5C898165}.Release|x86.ActiveCfg = Release|Win32
		{9CC1C562-A29A-428D-A074-522E5C898165}.Release|x86.Build.0 = Release|Win32
		{271094E7-3EAC-44B3-BAB4-D4FA86B1FBD3}.Debug|x64.ActiveCfg = Debug|x64
		{271094E7-3EAC-44B3-BAB4-D4FA86B1FBD3}.Debug|x64.Build.0 = Debug|x64
		{271094E7-3EAC-44B3-BAB4-D4FA86B1FBD3}.Debug|x86.ActiveCfg = Debug|Win32
		{271094E7-3EAC-44B3-BAB4-D4FA86B1FBD3}.Debug|x86.Build.0 = Debug|Win32
		{271094E7-3EAC-44B3-BAB4-D4FA86B1FBD3}.Release|x64.ActiveCfg = Release|x64
		{271094E7-3EAC-44B3-BAB4-D4FA86B1FBD3}.Release|x64.Build.0 = Release|x64
		{271094E7-3EAC-44B3-BAB4-D4FA86B1FBD3}.Release|x86.ActiveCfg = Release|Win32
		{271094E7-3EAC-44B3-BAB4-D4FA86B1FBD3}.Release|x86.Build.0 = Release|Win32
		{571D4F26-45BF-4EA0-8E72-62D7DF4F047B}.Debug|x64.ActiveCfg = Debug|x64
		{571D4F26-45BF-4EA0-8E72-62D7DF4F047B}.Debug|x64.Build.0 = Debug|x64
		{571D4F26-45BF-4EA0-8E72-62D7DF4F047B}.Debug|x86.ActiveCfg = Debug|Win32
		{571D4F26-45BF-4EA0-8E72-62D7DF4F047B}.Debug|x86.Build.0 = Debug|Win32
		{571D4F26-45BF-4EA0-8E72-62D7DF4F047B}.Release|x64.ActiveCfg = Release|x64
		{571D4F26-45BF-4EA0-8E72-62D7DF4F047B}.Release|x64.Build.0 = Release|x64
		{571D4F26-45BF-4EA0-8E72-62D7DF4F047B}.Release|x86.ActiveCfg = Release|Win32
		{571D4F26-45BF-4EA0-8E72-62D7DF4F047B}.Release|x86.Build.0 = Release|Win32
		{14AD1050-6E88-45F7-B56B-07A015923576}.Debug|x64.ActiveCfg = Debug|x64
		{14AD1050-6E88-45F7-B56B-07A015923576}.Debug|x64.Build.0 = Debug|x64
		{14AD1050-6E88-45F7-B56B-07A015923576}.Debug|x86.ActiveCfg = Debug|Win32
		{14AD1050-6E88-45F7-B56B-07A015923576}.Debug|x86.Build.0 = Debug|Win32
		{14AD1050-6E88-45F7-B56B-07A015923576}.Release|x64.ActiveCfg = Release|x64
		{14AD1050-6E88-45F7-B56B-07A015923576}.Release|x64.Build.0 = Release|x64
		{14AD1050-6E88-45F7-B56B-07A015923576}.Release|x86.ActiveCfg = Release|Win32
		{14AD1050-6E88-45F7-B56B-07A015923576}.Release|x86.Build.0 = Release|Win32
		{DED59080-592F-4521-855D-880A713A0401}.Debug|x64.ActiveCfg = Debug|x64
		{DED59080-592F-4521-855D-880A713A0401}.Debug|x64.Build.0 = Debug|x64
		{DED59080-592F-4521-855D-880A713A0401}.Debug|x86.ActiveCfg = Debug|Win32
		{DED59080-592F-4521-855D-880A713A0401}.Debug|x86.Build.0 = Debug|Win32
		{DED59080-592F-4521-855D-880A713A0401}.Release|x64.ActiveCfg = Release|x64
		{DED59080-592F-4521-855D-880A713A0401}.Release|x64.Build.0 = Release|x64
		{DED59080-592F-4521-855D-880A713A0401}.Release|x86.ActiveCfg = Release|Win32
		{DED59080-592F-4521-855D-880A713A0401}.Release|x86.Build.0 = Release|Win32
		{BA44D1E7-28D0-49A2-B383-EE004C7AE458}.Debug|x64.ActiveCfg = Debug|x64
		{BA44D1E7-28D0-49A2-B383-EE004C7AE458}.Debug|x64.Build.0 = Debug|x64
		{BA44D1E7-28D0-49A2-B383-EE004C7AE458}.Debug|x86.ActiveCfg = Debug|Win32
		{BA44D1E7-28D0-49A2-B383-EE004C7AE458}.Debug|x86.Build.0 = Debug|Win32
		{BA44D1E7-28D0-49A2-B383-EE004C7AE458}.Release|x64.ActiveCfg = Release|x64
		{BA44D1E7-28D0-49A2-B383-EE004C7AE458}.Release|x64.Build.0 = Release|x64
		{BA44D1E7-28D0-49A2-B383-EE004C7AE458}.Release|x86.ActiveCfg = Release|Win32
		{BA44D1E7-28D0-49A2-B383-EE004C7AE458}.Release|x86.Build.0 = Release|Win32
		{DA1E5708-3EA7-4EF6-8150-033569B4E9D5}.Debug|x64.ActiveCfg = Debug|x64
		{DA1E5708-3EA7-4EF6-8150-033569B4E9D5}.Debug|x64.Build.0 = Debug|x64
		{DA1E5708-3EA7-4EF6-8150-033569B4E9D5}.Debug|x86.ActiveCfg = Debug|Win32
		{DA1E5708-3EA7-4EF6-8150-033569B4E9D5}.Debug|x86.Build.0 = Debug|Win32
		{DA1E5708-3EA7-4EF6-8150-033569B4E9D5}.Release|x64.ActiveCfg = Release|x64
		{DA1E5708-3EA7-4EF6-8150-033569B4E9D5}.Release|x64.Build.0 = Release|x64
		{DA1E5708-3EA7-4EF6-8150-033569B4E9D5}.Release|x86.ActiveCfg = Release|Win32
		{DA1E5708-3EA7-4EF6-8150-033569B4E9D5}.Release|x86.Build.0 = Release|Win32
		{2A1A2E35-EB2F-4C4D-95E1-69F7D13D338F}.Debug|x64.ActiveCfg = Debug|x64
		{2A1A2E35-EB2F-4C4D-95E1-69F7D13D338F}.Debug|x64.Build.0 = Debug|x64
		{2A1A2E35-EB2F-4C4D-95E1-69F7D13D338F}.Debug|x86.ActiveCfg = Debug|Win32
		{2A1A2E35-EB2F-4C4D-95E1-69F7D13D338F}.Debug|x86.Build.0 = Debug|Win32
		{2A1A2E35-EB2F-4C4D-95E1-69F7D13D338F}.Release|x64.ActiveCfg = Release|x64
		{2A1A2E35-EB2F-4C4D-95E1-69F7D13D338F}.Release|x64.Build.0 = Release|x64
		{2A1A2E35-EB2F-4C4D-95E1-69F7D13D338F}.Release|x86.ActiveCfg = Release|Win32
		{2A1A2E35-EB2F-4C4D-95E1-69F7D13D338F}.Release|x86.Build.0 = Release|Win32
	EndGlobalSection
	GlobalSection(SolutionProperties) = preSolution
		HideSolutionNode = FALSE
	EndGlobalSection
EndGlobal
