
Microsoft Visual Studio Solution File, Format Version 12.00
# Visual Studio 14
VisualStudioVersion = 14.0.25420.1
MinimumVisualStudioVersion = 10.0.40219.1
Project("{8BC9CEB8-8B4A-11D0-8D11-00A0C91BC942}") = "4-2", "4-2\4-2.vcxproj", "{E9D7DB23-D3B3-4A4F-9213-E9526FED4B06}"
EndProject
Project("{8BC9CEB8-8B4A-11D0-8D11-00A0C91BC942}") = "4-6", "4-6\4-6.vcxproj", "{CC8F2A3F-3967-4E55-B2AF-B6F89F01F702}"
EndProject
Project("{8BC9CEB8-8B4A-11D0-8D11-00A0C91BC942}") = "4-b4", "4-b4\4-b4.vcxproj", "{93EEBE1F-E40D-4DED-BB8D-4F6477FB981B}"
EndProject
Project("{8BC9CEB8-8B4A-11D0-8D11-00A0C91BC942}") = "99-j1", "99-j1\99-j1.vcxproj", "{FDC33F38-0A40-4A17-9A4F-A1F6D386E638}"
EndProject
Project("{8BC9CEB8-8B4A-11D0-8D11-00A0C91BC942}") = "4-b1", "4-b1\4-b1.vcxproj", "{172F4639-192D-4F1E-998E-E54797C04FA0}"
EndProject
Project("{8BC9CEB8-8B4A-11D0-8D11-00A0C91BC942}") = "4-b2", "4-b2\4-b2.vcxproj", "{96AEEC27-8778-44BA-BBD9-AB0DA1BA7DED}"
EndProject
Project("{8BC9CEB8-8B4A-11D0-8D11-00A0C91BC942}") = "4-b3", "4-b3\4-b3.vcxproj", "{65F0C437-2BE1-492A-821F-DA067D3539D7}"
EndProject
Global
	GlobalSection(SolutionConfigurationPlatforms) = preSolution
		Debug|x64 = Debug|x64
		Debug|x86 = Debug|x86
		Release|x64 = Release|x64
		Release|x86 = Release|x86
	EndGlobalSection
	GlobalSection(ProjectConfigurationPlatforms) = postSolution
		{E9D7DB23-D3B3-4A4F-9213-E9526FED4B06}.Debug|x64.ActiveCfg = Debug|x64
		{E9D7DB23-D3B3-4A4F-9213-E9526FED4B06}.Debug|x64.Build.0 = Debug|x64
		{E9D7DB23-D3B3-4A4F-9213-E9526FED4B06}.Debug|x86.ActiveCfg = Debug|Win32
		{E9D7DB23-D3B3-4A4F-9213-E9526FED4B06}.Debug|x86.Build.0 = Debug|Win32
		{E9D7DB23-D3B3-4A4F-9213-E9526FED4B06}.Release|x64.ActiveCfg = Release|x64
		{E9D7DB23-D3B3-4A4F-9213-E9526FED4B06}.Release|x64.Build.0 = Release|x64
		{E9D7DB23-D3B3-4A4F-9213-E9526FED4B06}.Release|x86.ActiveCfg = Release|Win32
		{E9D7DB23-D3B3-4A4F-9213-E9526FED4B06}.Release|x86.Build.0 = Release|Win32
		{CC8F2A3F-3967-4E55-B2AF-B6F89F01F702}.Debug|x64.ActiveCfg = Debug|x64
		{CC8F2A3F-3967-4E55-B2AF-B6F89F01F702}.Debug|x64.Build.0 = Debug|x64
		{CC8F2A3F-3967-4E55-B2AF-B6F89F01F702}.Debug|x86.ActiveCfg = Debug|Win32
		{CC8F2A3F-3967-4E55-B2AF-B6F89F01F702}.Debug|x86.Build.0 = Debug|Win32
		{CC8F2A3F-3967-4E55-B2AF-B6F89F01F702}.Release|x64.ActiveCfg = Release|x64
		{CC8F2A3F-3967-4E55-B2AF-B6F89F01F702}.Release|x64.Build.0 = Release|x64
		{CC8F2A3F-3967-4E55-B2AF-B6F89F01F702}.Release|x86.ActiveCfg = Release|Win32
		{CC8F2A3F-3967-4E55-B2AF-B6F89F01F702}.Release|x86.Build.0 = Release|Win32
		{93EEBE1F-E40D-4DED-BB8D-4F6477FB981B}.Debug|x64.ActiveCfg = Debug|x64
		{93EEBE1F-E40D-4DED-BB8D-4F6477FB981B}.Debug|x64.Build.0 = Debug|x64
		{93EEBE1F-E40D-4DED-BB8D-4F6477FB981B}.Debug|x86.ActiveCfg = Debug|Win32
		{93EEBE1F-E40D-4DED-BB8D-4F6477FB981B}.Debug|x86.Build.0 = Debug|Win32
		{93EEBE1F-E40D-4DED-BB8D-4F6477FB981B}.Release|x64.ActiveCfg = Release|x64
		{93EEBE1F-E40D-4DED-BB8D-4F6477FB981B}.Release|x64.Build.0 = Release|x64
		{93EEBE1F-E40D-4DED-BB8D-4F6477FB981B}.Release|x86.ActiveCfg = Release|Win32
		{93EEBE1F-E40D-4DED-BB8D-4F6477FB981B}.Release|x86.Build.0 = Release|Win32
		{FDC33F38-0A40-4A17-9A4F-A1F6D386E638}.Debug|x64.ActiveCfg = Debug|x64
		{FDC33F38-0A40-4A17-9A4F-A1F6D386E638}.Debug|x64.Build.0 = Debug|x64
		{FDC33F38-0A40-4A17-9A4F-A1F6D386E638}.Debug|x86.ActiveCfg = Debug|Win32
		{FDC33F38-0A40-4A17-9A4F-A1F6D386E638}.Debug|x86.Build.0 = Debug|Win32
		{FDC33F38-0A40-4A17-9A4F-A1F6D386E638}.Release|x64.ActiveCfg = Release|x64
		{FDC33F38-0A40-4A17-9A4F-A1F6D386E638}.Release|x64.Build.0 = Release|x64
		{FDC33F38-0A40-4A17-9A4F-A1F6D386E638}.Release|x86.ActiveCfg = Release|Win32
		{FDC33F38-0A40-4A17-9A4F-A1F6D386E638}.Release|x86.Build.0 = Release|Win32
		{172F4639-192D-4F1E-998E-E54797C04FA0}.Debug|x64.ActiveCfg = Debug|x64
		{172F4639-192D-4F1E-998E-E54797C04FA0}.Debug|x64.Build.0 = Debug|x64
		{172F4639-192D-4F1E-998E-E54797C04FA0}.Debug|x86.ActiveCfg = Debug|Win32
		{172F4639-192D-4F1E-998E-E54797C04FA0}.Debug|x86.Build.0 = Debug|Win32
		{172F4639-192D-4F1E-998E-E54797C04FA0}.Release|x64.ActiveCfg = Release|x64
		{172F4639-192D-4F1E-998E-E54797C04FA0}.Release|x64.Build.0 = Release|x64
		{172F4639-192D-4F1E-998E-E54797C04FA0}.Release|x86.ActiveCfg = Release|Win32
		{172F4639-192D-4F1E-998E-E54797C04FA0}.Release|x86.Build.0 = Release|Win32
		{96AEEC27-8778-44BA-BBD9-AB0DA1BA7DED}.Debug|x64.ActiveCfg = Debug|x64
		{96AEEC27-8778-44BA-BBD9-AB0DA1BA7DED}.Debug|x64.Build.0 = Debug|x64
		{96AEEC27-8778-44BA-BBD9-AB0DA1BA7DED}.Debug|x86.ActiveCfg = Debug|Win32
		{96AEEC27-8778-44BA-BBD9-AB0DA1BA7DED}.Debug|x86.Build.0 = Debug|Win32
		{96AEEC27-8778-44BA-BBD9-AB0DA1BA7DED}.Release|x64.ActiveCfg = Release|x64
		{96AEEC27-8778-44BA-BBD9-AB0DA1BA7DED}.Release|x64.Build.0 = Release|x64
		{96AEEC27-8778-44BA-BBD9-AB0DA1BA7DED}.Release|x86.ActiveCfg = Release|Win32
		{96AEEC27-8778-44BA-BBD9-AB0DA1BA7DED}.Release|x86.Build.0 = Release|Win32
		{65F0C437-2BE1-492A-821F-DA067D3539D7}.Debug|x64.ActiveCfg = Debug|x64
		{65F0C437-2BE1-492A-821F-DA067D3539D7}.Debug|x64.Build.0 = Debug|x64
		{65F0C437-2BE1-492A-821F-DA067D3539D7}.Debug|x86.ActiveCfg = Debug|Win32
		{65F0C437-2BE1-492A-821F-DA067D3539D7}.Debug|x86.Build.0 = Debug|Win32
		{65F0C437-2BE1-492A-821F-DA067D3539D7}.Release|x64.ActiveCfg = Release|x64
		{65F0C437-2BE1-492A-821F-DA067D3539D7}.Release|x64.Build.0 = Release|x64
		{65F0C437-2BE1-492A-821F-DA067D3539D7}.Release|x86.ActiveCfg = Release|Win32
		{65F0C437-2BE1-492A-821F-DA067D3539D7}.Release|x86.Build.0 = Release|Win32
	EndGlobalSection
	GlobalSection(SolutionProperties) = preSolution
		HideSolutionNode = FALSE
	EndGlobalSection
EndGlobal
