
Microsoft Visual Studio Solution File, Format Version 12.00
# Visual Studio 14
VisualStudioVersion = 14.0.25420.1
MinimumVisualStudioVersion = 10.0.40219.1
Project("{8BC9CEB8-8B4A-11D0-8D11-00A0C91BC942}") = "SJHomeworkArrayFinal", "SJHomeworkArrayFinal\SJHomeworkArrayFinal.vcxproj", "{7D61CBF8-910B-4889-BC64-D6F837D079F8}"
EndProject
Project("{8BC9CEB8-8B4A-11D0-8D11-00A0C91BC942}") = "5-17", "5-17\5-17.vcxproj", "{DB0299D3-F0C7-4116-B5B8-D13D05A13152}"
EndProject
Project("{8BC9CEB8-8B4A-11D0-8D11-00A0C91BC942}") = "5-b12", "5-b12\5-b12.vcxproj", "{A7BEC0ED-7B38-4D4E-8782-F6CDD0D3E097}"
EndProject
Project("{8BC9CEB8-8B4A-11D0-8D11-00A0C91BC942}") = "5-b13", "5-b13\5-b13.vcxproj", "{39FA248E-5340-4E81-8540-98A00DEC7B64}"
EndProject
Project("{8BC9CEB8-8B4A-11D0-8D11-00A0C91BC942}") = "5-b14", "5-b14\5-b14.vcxproj", "{488FA018-3D07-40D4-ABC5-A5C49A538CE3}"
EndProject
Project("{8BC9CEB8-8B4A-11D0-8D11-00A0C91BC942}") = "5-b15", "5-b15\5-b15.vcxproj", "{A359E7B7-48E4-48C3-A70E-43B8848A4D99}"
EndProject
Project("{8BC9CEB8-8B4A-11D0-8D11-00A0C91BC942}") = "5-b16", "5-b16\5-b16.vcxproj", "{EA15657D-B47C-4E5A-8529-A8110E45660F}"
EndProject
Project("{8BC9CEB8-8B4A-11D0-8D11-00A0C91BC942}") = "5-b17", "5-b17\5-b17.vcxproj", "{4D1E280A-05C6-4CC5-91A3-A57819834971}"
EndProject
Project("{8BC9CEB8-8B4A-11D0-8D11-00A0C91BC942}") = "5-b14-1", "5-b14-1\5-b14-1.vcxproj", "{E359047C-11EA-4EFD-9E70-64257E09032B}"
EndProject
Global
	GlobalSection(SolutionConfigurationPlatforms) = preSolution
		Debug|x64 = Debug|x64
		Debug|x86 = Debug|x86
		Release|x64 = Release|x64
		Release|x86 = Release|x86
	EndGlobalSection
	GlobalSection(ProjectConfigurationPlatforms) = postSolution
		{7D61CBF8-910B-4889-BC64-D6F837D079F8}.Debug|x64.ActiveCfg = Debug|x64
		{7D61CBF8-910B-4889-BC64-D6F837D079F8}.Debug|x64.Build.0 = Debug|x64
		{7D61CBF8-910B-4889-BC64-D6F837D079F8}.Debug|x86.ActiveCfg = Debug|Win32
		{7D61CBF8-910B-4889-BC64-D6F837D079F8}.Debug|x86.Build.0 = Debug|Win32
		{7D61CBF8-910B-4889-BC64-D6F837D079F8}.Release|x64.ActiveCfg = Release|x64
		{7D61CBF8-910B-4889-BC64-D6F837D079F8}.Release|x64.Build.0 = Release|x64
		{7D61CBF8-910B-4889-BC64-D6F837D079F8}.Release|x86.ActiveCfg = Release|Win32
		{7D61CBF8-910B-4889-BC64-D6F837D079F8}.Release|x86.Build.0 = Release|Win32
		{DB0299D3-F0C7-4116-B5B8-D13D05A13152}.Debug|x64.ActiveCfg = Debug|x64
		{DB0299D3-F0C7-4116-B5B8-D13D05A13152}.Debug|x64.Build.0 = Debug|x64
		{DB0299D3-F0C7-4116-B5B8-D13D05A13152}.Debug|x86.ActiveCfg = Debug|Win32
		{DB0299D3-F0C7-4116-B5B8-D13D05A13152}.Debug|x86.Build.0 = Debug|Win32
		{DB0299D3-F0C7-4116-B5B8-D13D05A13152}.Release|x64.ActiveCfg = Release|x64
		{DB0299D3-F0C7-4116-B5B8-D13D05A13152}.Release|x64.Build.0 = Release|x64
		{DB0299D3-F0C7-4116-B5B8-D13D05A13152}.Release|x86.ActiveCfg = Release|Win32
		{DB0299D3-F0C7-4116-B5B8-D13D05A13152}.Release|x86.Build.0 = Release|Win32
		{A7BEC0ED-7B38-4D4E-8782-F6CDD0D3E097}.Debug|x64.ActiveCfg = Debug|x64
		{A7BEC0ED-7B38-4D4E-8782-F6CDD0D3E097}.Debug|x64.Build.0 = Debug|x64
		{A7BEC0ED-7B38-4D4E-8782-F6CDD0D3E097}.Debug|x86.ActiveCfg = Debug|Win32
		{A7BEC0ED-7B38-4D4E-8782-F6CDD0D3E097}.Debug|x86.Build.0 = Debug|Win32
		{A7BEC0ED-7B38-4D4E-8782-F6CDD0D3E097}.Release|x64.ActiveCfg = Release|x64
		{A7BEC0ED-7B38-4D4E-8782-F6CDD0D3E097}.Release|x64.Build.0 = Release|x64
		{A7BEC0ED-7B38-4D4E-8782-F6CDD0D3E097}.Release|x86.ActiveCfg = Release|Win32
		{A7BEC0ED-7B38-4D4E-8782-F6CDD0D3E097}.Release|x86.Build.0 = Release|Win32
		{39FA248E-5340-4E81-8540-98A00DEC7B64}.Debug|x64.ActiveCfg = Debug|x64
		{39FA248E-5340-4E81-8540-98A00DEC7B64}.Debug|x64.Build.0 = Debug|x64
		{39FA248E-5340-4E81-8540-98A00DEC7B64}.Debug|x86.ActiveCfg = Debug|Win32
		{39FA248E-5340-4E81-8540-98A00DEC7B64}.Debug|x86.Build.0 = Debug|Win32
		{39FA248E-5340-4E81-8540-98A00DEC7B64}.Release|x64.ActiveCfg = Release|x64
		{39FA248E-5340-4E81-8540-98A00DEC7B64}.Release|x64.Build.0 = Release|x64
		{39FA248E-5340-4E81-8540-98A00DEC7B64}.Release|x86.ActiveCfg = Release|Win32
		{39FA248E-5340-4E81-8540-98A00DEC7B64}.Release|x86.Build.0 = Release|Win32
		{488FA018-3D07-40D4-ABC5-A5C49A538CE3}.Debug|x64.ActiveCfg = Debug|x64
		{488FA018-3D07-40D4-ABC5-A5C49A538CE3}.Debug|x64.Build.0 = Debug|x64
		{488FA018-3D07-40D4-ABC5-A5C49A538CE3}.Debug|x86.ActiveCfg = Debug|Win32
		{488FA018-3D07-40D4-ABC5-A5C49A538CE3}.Debug|x86.Build.0 = Debug|Win32
		{488FA018-3D07-40D4-ABC5-A5C49A538CE3}.Release|x64.ActiveCfg = Release|x64
		{488FA018-3D07-40D4-ABC5-A5C49A538CE3}.Release|x64.Build.0 = Release|x64
		{488FA018-3D07-40D4-ABC5-A5C49A538CE3}.Release|x86.ActiveCfg = Release|Win32
		{488FA018-3D07-40D4-ABC5-A5C49A538CE3}.Release|x86.Build.0 = Release|Win32
		{A359E7B7-48E4-48C3-A70E-43B8848A4D99}.Debug|x64.ActiveCfg = Debug|x64
		{A359E7B7-48E4-48C3-A70E-43B8848A4D99}.Debug|x64.Build.0 = Debug|x64
		{A359E7B7-48E4-48C3-A70E-43B8848A4D99}.Debug|x86.ActiveCfg = Debug|Win32
		{A359E7B7-48E4-48C3-A70E-43B8848A4D99}.Debug|x86.Build.0 = Debug|Win32
		{A359E7B7-48E4-48C3-A70E-43B8848A4D99}.Release|x64.ActiveCfg = Release|x64
		{A359E7B7-48E4-48C3-A70E-43B8848A4D99}.Release|x64.Build.0 = Release|x64
		{A359E7B7-48E4-48C3-A70E-43B8848A4D99}.Release|x86.ActiveCfg = Release|Win32
		{A359E7B7-48E4-48C3-A70E-43B8848A4D99}.Release|x86.Build.0 = Release|Win32
		{EA15657D-B47C-4E5A-8529-A8110E45660F}.Debug|x64.ActiveCfg = Debug|x64
		{EA15657D-B47C-4E5A-8529-A8110E45660F}.Debug|x64.Build.0 = Debug|x64
		{EA15657D-B47C-4E5A-8529-A8110E45660F}.Debug|x86.ActiveCfg = Debug|Win32
		{EA15657D-B47C-4E5A-8529-A8110E45660F}.Debug|x86.Build.0 = Debug|Win32
		{EA15657D-B47C-4E5A-8529-A8110E45660F}.Release|x64.ActiveCfg = Release|x64
		{EA15657D-B47C-4E5A-8529-A8110E45660F}.Release|x64.Build.0 = Release|x64
		{EA15657D-B47C-4E5A-8529-A8110E45660F}.Release|x86.ActiveCfg = Release|Win32
		{EA15657D-B47C-4E5A-8529-A8110E45660F}.Release|x86.Build.0 = Release|Win32
		{4D1E280A-05C6-4CC5-91A3-A57819834971}.Debug|x64.ActiveCfg = Debug|x64
		{4D1E280A-05C6-4CC5-91A3-A57819834971}.Debug|x64.Build.0 = Debug|x64
		{4D1E280A-05C6-4CC5-91A3-A57819834971}.Debug|x86.ActiveCfg = Debug|Win32
		{4D1E280A-05C6-4CC5-91A3-A57819834971}.Debug|x86.Build.0 = Debug|Win32
		{4D1E280A-05C6-4CC5-91A3-A57819834971}.Release|x64.ActiveCfg = Release|x64
		{4D1E280A-05C6-4CC5-91A3-A57819834971}.Release|x64.Build.0 = Release|x64
		{4D1E280A-05C6-4CC5-91A3-A57819834971}.Release|x86.ActiveCfg = Release|Win32
		{4D1E280A-05C6-4CC5-91A3-A57819834971}.Release|x86.Build.0 = Release|Win32
		{E359047C-11EA-4EFD-9E70-64257E09032B}.Debug|x64.ActiveCfg = Debug|x64
		{E359047C-11EA-4EFD-9E70-64257E09032B}.Debug|x64.Build.0 = Debug|x64
		{E359047C-11EA-4EFD-9E70-64257E09032B}.Debug|x86.ActiveCfg = Debug|Win32
		{E359047C-11EA-4EFD-9E70-64257E09032B}.Debug|x86.Build.0 = Debug|Win32
		{E359047C-11EA-4EFD-9E70-64257E09032B}.Release|x64.ActiveCfg = Release|x64
		{E359047C-11EA-4EFD-9E70-64257E09032B}.Release|x64.Build.0 = Release|x64
		{E359047C-11EA-4EFD-9E70-64257E09032B}.Release|x86.ActiveCfg = Release|Win32
		{E359047C-11EA-4EFD-9E70-64257E09032B}.Release|x86.Build.0 = Release|Win32
	EndGlobalSection
	GlobalSection(SolutionProperties) = preSolution
		HideSolutionNode = FALSE
	EndGlobalSection
EndGlobal
