
Microsoft Visual Studio Solution File, Format Version 12.00
# Visual Studio 14
VisualStudioVersion = 14.0.25420.1
MinimumVisualStudioVersion = 10.0.40219.1
Project("{8BC9CEB8-8B4A-11D0-8D11-00A0C91BC942}") = "SUPERHanoi-SJHomeworkProject", "SUPERHanoi-SJHomeworkProject\SUPERHanoi-SJHomeworkProject.vcxproj", "{C9DBCA40-DA6B-4857-8D84-F66B0B18231C}"
EndProject
Project("{8BC9CEB8-8B4A-11D0-8D11-00A0C91BC942}") = "test", "test\test.vcxproj", "{8E3FB551-479F-4106-89A4-CD989A5BF454}"
EndProject
Project("{8BC9CEB8-8B4A-11D0-8D11-00A0C91BC942}") = "SJHomeworkMYB", "SJHomeworkMYB\SJHomeworkMYB.vcxproj", "{0001338F-08FC-4A97-B884-6D0804C11C8E}"
EndProject
Global
	GlobalSection(SolutionConfigurationPlatforms) = preSolution
		Debug|x64 = Debug|x64
		Debug|x86 = Debug|x86
		Release|x64 = Release|x64
		Release|x86 = Release|x86
	EndGlobalSection
	GlobalSection(ProjectConfigurationPlatforms) = postSolution
		{C9DBCA40-DA6B-4857-8D84-F66B0B18231C}.Debug|x64.ActiveCfg = Debug|x64
		{C9DBCA40-DA6B-4857-8D84-F66B0B18231C}.Debug|x64.Build.0 = Debug|x64
		{C9DBCA40-DA6B-4857-8D84-F66B0B18231C}.Debug|x86.ActiveCfg = Debug|Win32
		{C9DBCA40-DA6B-4857-8D84-F66B0B18231C}.Debug|x86.Build.0 = Debug|Win32
		{C9DBCA40-DA6B-4857-8D84-F66B0B18231C}.Release|x64.ActiveCfg = Release|x64
		{C9DBCA40-DA6B-4857-8D84-F66B0B18231C}.Release|x64.Build.0 = Release|x64
		{C9DBCA40-DA6B-4857-8D84-F66B0B18231C}.Release|x86.ActiveCfg = Release|Win32
		{C9DBCA40-DA6B-4857-8D84-F66B0B18231C}.Release|x86.Build.0 = Release|Win32
		{8E3FB551-479F-4106-89A4-CD989A5BF454}.Debug|x64.ActiveCfg = Debug|x64
		{8E3FB551-479F-4106-89A4-CD989A5BF454}.Debug|x64.Build.0 = Debug|x64
		{8E3FB551-479F-4106-89A4-CD989A5BF454}.Debug|x86.ActiveCfg = Debug|Win32
		{8E3FB551-479F-4106-89A4-CD989A5BF454}.Debug|x86.Build.0 = Debug|Win32
		{8E3FB551-479F-4106-89A4-CD989A5BF454}.Release|x64.ActiveCfg = Release|x64
		{8E3FB551-479F-4106-89A4-CD989A5BF454}.Release|x64.Build.0 = Release|x64
		{8E3FB551-479F-4106-89A4-CD989A5BF454}.Release|x86.ActiveCfg = Release|Win32
		{8E3FB551-479F-4106-89A4-CD989A5BF454}.Release|x86.Build.0 = Release|Win32
		{0001338F-08FC-4A97-B884-6D0804C11C8E}.Debug|x64.ActiveCfg = Debug|x64
		{0001338F-08FC-4A97-B884-6D0804C11C8E}.Debug|x64.Build.0 = Debug|x64
		{0001338F-08FC-4A97-B884-6D0804C11C8E}.Debug|x86.ActiveCfg = Debug|Win32
		{0001338F-08FC-4A97-B884-6D0804C11C8E}.Debug|x86.Build.0 = Debug|Win32
		{0001338F-08FC-4A97-B884-6D0804C11C8E}.Release|x64.ActiveCfg = Release|x64
		{0001338F-08FC-4A97-B884-6D0804C11C8E}.Release|x64.Build.0 = Release|x64
		{0001338F-08FC-4A97-B884-6D0804C11C8E}.Release|x86.ActiveCfg = Release|Win32
		{0001338F-08FC-4A97-B884-6D0804C11C8E}.Release|x86.Build.0 = Release|Win32
	EndGlobalSection
	GlobalSection(SolutionProperties) = preSolution
		HideSolutionNode = FALSE
	EndGlobalSection
EndGlobal
