
Microsoft Visual Studio Solution File, Format Version 12.00
# Visual Studio 14
VisualStudioVersion = 14.0.25420.1
MinimumVisualStudioVersion = 10.0.40219.1
Project("{8BC9CEB8-8B4A-11D0-8D11-00A0C91BC942}") = "demo", "demo\demo.vcxproj", "{C7BD3117-C5F9-4652-943A-31E021D3B135}"
EndProject
Project("{8BC9CEB8-8B4A-11D0-8D11-00A0C91BC942}") = "4-4", "4-4\4-4.vcxproj", "{D7B32A24-0596-47FA-BBAA-2057B0886B59}"
EndProject
Project("{8BC9CEB8-8B4A-11D0-8D11-00A0C91BC942}") = "4-8", "4-8\4-8.vcxproj", "{2A970878-DAD6-405B-9799-8A589FF9CB5C}"
EndProject
Project("{8BC9CEB8-8B4A-11D0-8D11-00A0C91BC942}") = "4-9", "4-9\4-9.vcxproj", "{D504B07D-AD35-4C0D-A7FE-159D2A7764D2}"
EndProject
Project("{8BC9CEB8-8B4A-11D0-8D11-00A0C91BC942}") = "4-10", "4-10\4-10.vcxproj", "{BEDC6F28-3318-4C76-A155-8F44981CEA62}"
EndProject
Project("{8BC9CEB8-8B4A-11D0-8D11-00A0C91BC942}") = "4-11", "4-11\4-11.vcxproj", "{F9839C07-3318-425D-8463-0173B8F0FB55}"
EndProject
Project("{8BC9CEB8-8B4A-11D0-8D11-00A0C91BC942}") = "4-b5", "4-b5\4-b5.vcxproj", "{4FEEEC2D-304B-43ED-84E9-F17E545F9F50}"
EndProject
Project("{8BC9CEB8-8B4A-11D0-8D11-00A0C91BC942}") = "4-b6", "4-b6\4-b6.vcxproj", "{B2FE1651-F86F-45D9-ACEF-728529C4A9BE}"
EndProject
Project("{8BC9CEB8-8B4A-11D0-8D11-00A0C91BC942}") = "4-b7", "4-b7\4-b7.vcxproj", "{46E431E4-A7E8-47F7-94C6-ABB5C1D7BC29}"
EndProject
Project("{8BC9CEB8-8B4A-11D0-8D11-00A0C91BC942}") = "4-b8", "4-b8\4-b8.vcxproj", "{9ACE526B-99D9-4586-9867-36E5AC34A2A2}"
EndProject
Project("{8BC9CEB8-8B4A-11D0-8D11-00A0C91BC942}") = "4-b9", "4-b9\4-b9.vcxproj", "{531E292A-54A5-41F9-B8E9-7AE91D45B4C7}"
EndProject
Project("{8BC9CEB8-8B4A-11D0-8D11-00A0C91BC942}") = "4-b10-1", "4-b10-1\4-b10-1.vcxproj", "{3F085B08-89DF-49C9-9EE9-F50ADAFEBE11}"
EndProject
Project("{8BC9CEB8-8B4A-11D0-8D11-00A0C91BC942}") = "4-b10-2", "4-b10-2\4-b10-2.vcxproj", "{42B83618-0334-4FAF-A9B9-54F07A24074D}"
EndProject
Project("{8BC9CEB8-8B4A-11D0-8D11-00A0C91BC942}") = "math", "math\math.vcxproj", "{3D2B6739-4C1F-47BC-B2D6-D49DBC24679F}"
EndProject
Project("{8BC9CEB8-8B4A-11D0-8D11-00A0C91BC942}") = "4-b9_", "4-b9_\4-b9_.vcxproj", "{B9CAC2D3-0BAE-4465-9A2F-822E9C290DD8}"
EndProject
Project("{8BC9CEB8-8B4A-11D0-8D11-00A0C91BC942}") = "4-b7_", "4-b7_\4-b7_.vcxproj", "{468CAE7F-9817-480B-AB6A-C2B4C3A308B4}"
EndProject
Global
	GlobalSection(SolutionConfigurationPlatforms) = preSolution
		Debug|x64 = Debug|x64
		Debug|x86 = Debug|x86
		Release|x64 = Release|x64
		Release|x86 = Release|x86
	EndGlobalSection
	GlobalSection(ProjectConfigurationPlatforms) = postSolution
		{C7BD3117-C5F9-4652-943A-31E021D3B135}.Debug|x64.ActiveCfg = Debug|x64
		{C7BD3117-C5F9-4652-943A-31E021D3B135}.Debug|x64.Build.0 = Debug|x64
		{C7BD3117-C5F9-4652-943A-31E021D3B135}.Debug|x86.ActiveCfg = Debug|Win32
		{C7BD3117-C5F9-4652-943A-31E021D3B135}.Debug|x86.Build.0 = Debug|Win32
		{C7BD3117-C5F9-4652-943A-31E021D3B135}.Release|x64.ActiveCfg = Release|x64
		{C7BD3117-C5F9-4652-943A-31E021D3B135}.Release|x64.Build.0 = Release|x64
		{C7BD3117-C5F9-4652-943A-31E021D3B135}.Release|x86.ActiveCfg = Release|Win32
		{C7BD3117-C5F9-4652-943A-31E021D3B135}.Release|x86.Build.0 = Release|Win32
		{D7B32A24-0596-47FA-BBAA-2057B0886B59}.Debug|x64.ActiveCfg = Debug|x64
		{D7B32A24-0596-47FA-BBAA-2057B0886B59}.Debug|x64.Build.0 = Debug|x64
		{D7B32A24-0596-47FA-BBAA-2057B0886B59}.Debug|x86.ActiveCfg = Debug|Win32
		{D7B32A24-0596-47FA-BBAA-2057B0886B59}.Debug|x86.Build.0 = Debug|Win32
		{D7B32A24-0596-47FA-BBAA-2057B0886B59}.Release|x64.ActiveCfg = Release|x64
		{D7B32A24-0596-47FA-BBAA-2057B0886B59}.Release|x64.Build.0 = Release|x64
		{D7B32A24-0596-47FA-BBAA-2057B0886B59}.Release|x86.ActiveCfg = Release|Win32
		{D7B32A24-0596-47FA-BBAA-2057B0886B59}.Release|x86.Build.0 = Release|Win32
		{2A970878-DAD6-405B-9799-8A589FF9CB5C}.Debug|x64.ActiveCfg = Debug|x64
		{2A970878-DAD6-405B-9799-8A589FF9CB5C}.Debug|x64.Build.0 = Debug|x64
		{2A970878-DAD6-405B-9799-8A589FF9CB5C}.Debug|x86.ActiveCfg = Debug|Win32
		{2A970878-DAD6-405B-9799-8A589FF9CB5C}.Debug|x86.Build.0 = Debug|Win32
		{2A970878-DAD6-405B-9799-8A589FF9CB5C}.Release|x64.ActiveCfg = Release|x64
		{2A970878-DAD6-405B-9799-8A589FF9CB5C}.Release|x64.Build.0 = Release|x64
		{2A970878-DAD6-405B-9799-8A589FF9CB5C}.Release|x86.ActiveCfg = Release|Win32
		{2A970878-DAD6-405B-9799-8A589FF9CB5C}.Release|x86.Build.0 = Release|Win32
		{D504B07D-AD35-4C0D-A7FE-159D2A7764D2}.Debug|x64.ActiveCfg = Debug|x64
		{D504B07D-AD35-4C0D-A7FE-159D2A7764D2}.Debug|x64.Build.0 = Debug|x64
		{D504B07D-AD35-4C0D-A7FE-159D2A7764D2}.Debug|x86.ActiveCfg = Debug|Win32
		{D504B07D-AD35-4C0D-A7FE-159D2A7764D2}.Debug|x86.Build.0 = Debug|Win32
		{D504B07D-AD35-4C0D-A7FE-159D2A7764D2}.Release|x64.ActiveCfg = Release|x64
		{D504B07D-AD35-4C0D-A7FE-159D2A7764D2}.Release|x64.Build.0 = Release|x64
		{D504B07D-AD35-4C0D-A7FE-159D2A7764D2}.Release|x86.ActiveCfg = Release|Win32
		{D504B07D-AD35-4C0D-A7FE-159D2A7764D2}.Release|x86.Build.0 = Release|Win32
		{BEDC6F28-3318-4C76-A155-8F44981CEA62}.Debug|x64.ActiveCfg = Debug|x64
		{BEDC6F28-3318-4C76-A155-8F44981CEA62}.Debug|x64.Build.0 = Debug|x64
		{BEDC6F28-3318-4C76-A155-8F44981CEA62}.Debug|x86.ActiveCfg = Debug|Win32
		{BEDC6F28-3318-4C76-A155-8F44981CEA62}.Debug|x86.Build.0 = Debug|Win32
		{BEDC6F28-3318-4C76-A155-8F44981CEA62}.Release|x64.ActiveCfg = Release|x64
		{BEDC6F28-3318-4C76-A155-8F44981CEA62}.Release|x64.Build.0 = Release|x64
		{BEDC6F28-3318-4C76-A155-8F44981CEA62}.Release|x86.ActiveCfg = Release|Win32
		{BEDC6F28-3318-4C76-A155-8F44981CEA62}.Release|x86.Build.0 = Release|Win32
		{F9839C07-3318-425D-8463-0173B8F0FB55}.Debug|x64.ActiveCfg = Debug|x64
		{F9839C07-3318-425D-8463-0173B8F0FB55}.Debug|x64.Build.0 = Debug|x64
		{F9839C07-3318-425D-8463-0173B8F0FB55}.Debug|x86.ActiveCfg = Debug|Win32
		{F9839C07-3318-425D-8463-0173B8F0FB55}.Debug|x86.Build.0 = Debug|Win32
		{F9839C07-3318-425D-8463-0173B8F0FB55}.Release|x64.ActiveCfg = Release|x64
		{F9839C07-3318-425D-8463-0173B8F0FB55}.Release|x64.Build.0 = Release|x64
		{F9839C07-3318-425D-8463-0173B8F0FB55}.Release|x86.ActiveCfg = Release|Win32
		{F9839C07-3318-425D-8463-0173B8F0FB55}.Release|x86.Build.0 = Release|Win32
		{4FEEEC2D-304B-43ED-84E9-F17E545F9F50}.Debug|x64.ActiveCfg = Debug|x64
		{4FEEEC2D-304B-43ED-84E9-F17E545F9F50}.Debug|x64.Build.0 = Debug|x64
		{4FEEEC2D-304B-43ED-84E9-F17E545F9F50}.Debug|x86.ActiveCfg = Debug|Win32
		{4FEEEC2D-304B-43ED-84E9-F17E545F9F50}.Debug|x86.Build.0 = Debug|Win32
		{4FEEEC2D-304B-43ED-84E9-F17E545F9F50}.Release|x64.ActiveCfg = Release|x64
		{4FEEEC2D-304B-43ED-84E9-F17E545F9F50}.Release|x64.Build.0 = Release|x64
		{4FEEEC2D-304B-43ED-84E9-F17E545F9F50}.Release|x86.ActiveCfg = Release|Win32
		{4FEEEC2D-304B-43ED-84E9-F17E545F9F50}.Release|x86.Build.0 = Release|Win32
		{B2FE1651-F86F-45D9-ACEF-728529C4A9BE}.Debug|x64.ActiveCfg = Debug|x64
		{B2FE1651-F86F-45D9-ACEF-728529C4A9BE}.Debug|x64.Build.0 = Debug|x64
		{B2FE1651-F86F-45D9-ACEF-728529C4A9BE}.Debug|x86.ActiveCfg = Debug|Win32
		{B2FE1651-F86F-45D9-ACEF-728529C4A9BE}.Debug|x86.Build.0 = Debug|Win32
		{B2FE1651-F86F-45D9-ACEF-728529C4A9BE}.Release|x64.ActiveCfg = Release|x64
		{B2FE1651-F86F-45D9-ACEF-728529C4A9BE}.Release|x64.Build.0 = Release|x64
		{B2FE1651-F86F-45D9-ACEF-728529C4A9BE}.Release|x86.ActiveCfg = Release|Win32
		{B2FE1651-F86F-45D9-ACEF-728529C4A9BE}.Release|x86.Build.0 = Release|Win32
		{46E431E4-A7E8-47F7-94C6-ABB5C1D7BC29}.Debug|x64.ActiveCfg = Debug|x64
		{46E431E4-A7E8-47F7-94C6-ABB5C1D7BC29}.Debug|x64.Build.0 = Debug|x64
		{46E431E4-A7E8-47F7-94C6-ABB5C1D7BC29}.Debug|x86.ActiveCfg = Debug|Win32
		{46E431E4-A7E8-47F7-94C6-ABB5C1D7BC29}.Debug|x86.Build.0 = Debug|Win32
		{46E431E4-A7E8-47F7-94C6-ABB5C1D7BC29}.Release|x64.ActiveCfg = Release|x64
		{46E431E4-A7E8-47F7-94C6-ABB5C1D7BC29}.Release|x64.Build.0 = Release|x64
		{46E431E4-A7E8-47F7-94C6-ABB5C1D7BC29}.Release|x86.ActiveCfg = Release|Win32
		{46E431E4-A7E8-47F7-94C6-ABB5C1D7BC29}.Release|x86.Build.0 = Release|Win32
		{9ACE526B-99D9-4586-9867-36E5AC34A2A2}.Debug|x64.ActiveCfg = Debug|x64
		{9ACE526B-99D9-4586-9867-36E5AC34A2A2}.Debug|x64.Build.0 = Debug|x64
		{9ACE526B-99D9-4586-9867-36E5AC34A2A2}.Debug|x86.ActiveCfg = Debug|Win32
		{9ACE526B-99D9-4586-9867-36E5AC34A2A2}.Debug|x86.Build.0 = Debug|Win32
		{9ACE526B-99D9-4586-9867-36E5AC34A2A2}.Release|x64.ActiveCfg = Release|x64
		{9ACE526B-99D9-4586-9867-36E5AC34A2A2}.Release|x64.Build.0 = Release|x64
		{9ACE526B-99D9-4586-9867-36E5AC34A2A2}.Release|x86.ActiveCfg = Release|Win32
		{9ACE526B-99D9-4586-9867-36E5AC34A2A2}.Release|x86.Build.0 = Release|Win32
		{531E292A-54A5-41F9-B8E9-7AE91D45B4C7}.Debug|x64.ActiveCfg = Debug|x64
		{531E292A-54A5-41F9-B8E9-7AE91D45B4C7}.Debug|x64.Build.0 = Debug|x64
		{531E292A-54A5-41F9-B8E9-7AE91D45B4C7}.Debug|x86.ActiveCfg = Debug|Win32
		{531E292A-54A5-41F9-B8E9-7AE91D45B4C7}.Debug|x86.Build.0 = Debug|Win32
		{531E292A-54A5-41F9-B8E9-7AE91D45B4C7}.Release|x64.ActiveCfg = Release|x64
		{531E292A-54A5-41F9-B8E9-7AE91D45B4C7}.Release|x64.Build.0 = Release|x64
		{531E292A-54A5-41F9-B8E9-7AE91D45B4C7}.Release|x86.ActiveCfg = Release|Win32
		{531E292A-54A5-41F9-B8E9-7AE91D45B4C7}.Release|x86.Build.0 = Release|Win32
		{3F085B08-89DF-49C9-9EE9-F50ADAFEBE11}.Debug|x64.ActiveCfg = Debug|x64
		{3F085B08-89DF-49C9-9EE9-F50ADAFEBE11}.Debug|x64.Build.0 = Debug|x64
		{3F085B08-89DF-49C9-9EE9-F50ADAFEBE11}.Debug|x86.ActiveCfg = Debug|Win32
		{3F085B08-89DF-49C9-9EE9-F50ADAFEBE11}.Debug|x86.Build.0 = Debug|Win32
		{3F085B08-89DF-49C9-9EE9-F50ADAFEBE11}.Release|x64.ActiveCfg = Release|x64
		{3F085B08-89DF-49C9-9EE9-F50ADAFEBE11}.Release|x64.Build.0 = Release|x64
		{3F085B08-89DF-49C9-9EE9-F50ADAFEBE11}.Release|x86.ActiveCfg = Release|Win32
		{3F085B08-89DF-49C9-9EE9-F50ADAFEBE11}.Release|x86.Build.0 = Release|Win32
		{42B83618-0334-4FAF-A9B9-54F07A24074D}.Debug|x64.ActiveCfg = Debug|x64
		{42B83618-0334-4FAF-A9B9-54F07A24074D}.Debug|x64.Build.0 = Debug|x64
		{42B83618-0334-4FAF-A9B9-54F07A24074D}.Debug|x86.ActiveCfg = Debug|Win32
		{42B83618-0334-4FAF-A9B9-54F07A24074D}.Debug|x86.Build.0 = Debug|Win32
		{42B83618-0334-4FAF-A9B9-54F07A24074D}.Release|x64.ActiveCfg = Release|x64
		{42B83618-0334-4FAF-A9B9-54F07A24074D}.Release|x64.Build.0 = Release|x64
		{42B83618-0334-4FAF-A9B9-54F07A24074D}.Release|x86.ActiveCfg = Release|Win32
		{42B83618-0334-4FAF-A9B9-54F07A24074D}.Release|x86.Build.0 = Release|Win32
		{3D2B6739-4C1F-47BC-B2D6-D49DBC24679F}.Debug|x64.ActiveCfg = Debug|x64
		{3D2B6739-4C1F-47BC-B2D6-D49DBC24679F}.Debug|x64.Build.0 = Debug|x64
		{3D2B6739-4C1F-47BC-B2D6-D49DBC24679F}.Debug|x86.ActiveCfg = Debug|Win32
		{3D2B6739-4C1F-47BC-B2D6-D49DBC24679F}.Debug|x86.Build.0 = Debug|Win32
		{3D2B6739-4C1F-47BC-B2D6-D49DBC24679F}.Release|x64.ActiveCfg = Release|x64
		{3D2B6739-4C1F-47BC-B2D6-D49DBC24679F}.Release|x64.Build.0 = Release|x64
		{3D2B6739-4C1F-47BC-B2D6-D49DBC24679F}.Release|x86.ActiveCfg = Release|Win32
		{3D2B6739-4C1F-47BC-B2D6-D49DBC24679F}.Release|x86.Build.0 = Release|Win32
		{B9CAC2D3-0BAE-4465-9A2F-822E9C290DD8}.Debug|x64.ActiveCfg = Debug|x64
		{B9CAC2D3-0BAE-4465-9A2F-822E9C290DD8}.Debug|x64.Build.0 = Debug|x64
		{B9CAC2D3-0BAE-4465-9A2F-822E9C290DD8}.Debug|x86.ActiveCfg = Debug|Win32
		{B9CAC2D3-0BAE-4465-9A2F-822E9C290DD8}.Debug|x86.Build.0 = Debug|Win32
		{B9CAC2D3-0BAE-4465-9A2F-822E9C290DD8}.Release|x64.ActiveCfg = Release|x64
		{B9CAC2D3-0BAE-4465-9A2F-822E9C290DD8}.Release|x64.Build.0 = Release|x64
		{B9CAC2D3-0BAE-4465-9A2F-822E9C290DD8}.Release|x86.ActiveCfg = Release|Win32
		{B9CAC2D3-0BAE-4465-9A2F-822E9C290DD8}.Release|x86.Build.0 = Release|Win32
		{468CAE7F-9817-480B-AB6A-C2B4C3A308B4}.Debug|x64.ActiveCfg = Debug|x64
		{468CAE7F-9817-480B-AB6A-C2B4C3A308B4}.Debug|x64.Build.0 = Debug|x64
		{468CAE7F-9817-480B-AB6A-C2B4C3A308B4}.Debug|x86.ActiveCfg = Debug|Win32
		{468CAE7F-9817-480B-AB6A-C2B4C3A308B4}.Debug|x86.Build.0 = Debug|Win32
		{468CAE7F-9817-480B-AB6A-C2B4C3A308B4}.Release|x64.ActiveCfg = Release|x64
		{468CAE7F-9817-480B-AB6A-C2B4C3A308B4}.Release|x64.Build.0 = Release|x64
		{468CAE7F-9817-480B-AB6A-C2B4C3A308B4}.Release|x86.ActiveCfg = Release|Win32
		{468CAE7F-9817-480B-AB6A-C2B4C3A308B4}.Release|x86.Build.0 = Release|Win32
	EndGlobalSection
	GlobalSection(SolutionProperties) = preSolution
		HideSolutionNode = FALSE
	EndGlobalSection
EndGlobal
