
Microsoft Visual Studio Solution File, Format Version 12.00
# Visual Studio 14
VisualStudioVersion = 14.0.25420.1
MinimumVisualStudioVersion = 10.0.40219.1
Project("{8BC9CEB8-8B4A-11D0-8D11-00A0C91BC942}") = "demo", "demo\demo.vcxproj", "{C7BD3117-C5F9-4652-943A-31E021D3B135}"
EndProject
Project("{8BC9CEB8-8B4A-11D0-8D11-00A0C91BC942}") = "4-4", "4-4\4-4.vcxproj", "{D7B32A24-0596-47FA-BBAA-2057B0886B59}"
EndProject
Project("{8BC9CEB8-8B4A-11D0-8D11-00A0C91BC942}") = "4-8", "4-8\4-8.vcxproj", "{2A970878-DAD6-405B-9799-8A589FF9CB5C}"
EndProject
Project("{8BC9CEB8-8B4A-11D0-8D11-00A0C91BC942}") = "4-9", "4-9\4-9.vcxproj", "{D504B07D-AD35-4C0D-A7FE-159D2A7764D2}"
EndProject
Project("{8BC9CEB8-8B4A-11D0-8D11-00A0C91BC942}") = "4-10", "4-10\4-10.vcxproj", "{BEDC6F28-3318-4C76-A155-8F44981CEA62}"
EndProject
Project("{8BC9CEB8-8B4A-11D0-8D11-00A0C91BC942}") = "4-11", "4-11\4-11.vcxproj", "{F9839C07-3318-425D-8463-0173B8F0FB55}"
EndProject
Project("{8BC9CEB8-8B4A-11D0-8D11-00A0C91BC942}") = "4-b5", "4-b5\4-b5.vcxproj", "{4FEEEC2D-304B-43ED-84E9-F17E545F9F50}"
EndProject
Project("{8BC9CEB8-8B4A-11D0-8D11-00A0C91BC942}") = "4-b6", "4-b6\4-b6.vcxproj", "{B2FE1651-F86F-45D9-ACEF-728529C4A9BE}"
EndProject
Project("{8BC9CEB8-8B4A-11D0-8D11-00A0C91BC942}") = "4-b7", "4-b7\4-b7.vcxproj", "{46E431E4-A7E8-47F7-94C6-ABB5C1D7BC29}"
EndProject
Global
	GlobalSection(SolutionConfigurationPlatforms) = preSolution
		Debug|x64 = Debug|x64
		Debug|x86 = Debug|x86
		Release|x64 = Release|x64
		Release|x86 = Release|x86
	EndGlobalSection
	GlobalSection(ProjectConfigurationPlatforms) = postSolution
		{C7BD3117-C5F9-4652-943A-31E021D3B135}.Debug|x64.ActiveCfg = Debug|x64
		{C7BD3117-C5F9-4652-943A-31E021D3B135}.Debug|x64.Build.0 = Debug|x64
		{C7BD3117-C5F9-4652-943A-31E021D3B135}.Debug|x86.ActiveCfg = Debug|Win32
		{C7BD3117-C5F9-4652-943A-31E021D3B135}.Debug|x86.Build.0 = Debug|Win32
		{C7BD3117-C5F9-4652-943A-31E021D3B135}.Release|x64.ActiveCfg = Release|x64
		{C7BD3117-C5F9-4652-943A-31E021D3B135}.Release|x64.Build.0 = Release|x64
		{C7BD3117-C5F9-4652-943A-31E021D3B135}.Release|x86.ActiveCfg = Release|Win32
		{C7BD3117-C5F9-4652-943A-31E021D3B135}.Release|x86.Build.0 = Release|Win32
		{D7B32A24-0596-47FA-BBAA-2057B0886B59}.Debug|x64.ActiveCfg = Debug|x64
		{D7B32A24-0596-47FA-BBAA-2057B0886B59}.Debug|x64.Build.0 = Debug|x64
		{D7B32A24-0596-47FA-BBAA-2057B0886B59}.Debug|x86.ActiveCfg = Debug|Win32
		{D7B32A24-0596-47FA-BBAA-2057B0886B59}.Debug|x86.Build.0 = Debug|Win32
		{D7B32A24-0596-47FA-BBAA-2057B0886B59}.Release|x64.ActiveCfg = Release|x64
		{D7B32A24-0596-47FA-BBAA-2057B0886B59}.Release|x64.Build.0 = Release|x64
		{D7B32A24-0596-47FA-BBAA-2057B0886B59}.Release|x86.ActiveCfg = Release|Win32
		{D7B32A24-0596-47FA-BBAA-2057B0886B59}.Release|x86.Build.0 = Release|Win32
		{2A970878-DAD6-405B-9799-8A589FF9CB5C}.Debug|x64.ActiveCfg = Debug|x64
		{2A970878-DAD6-405B-9799-8A589FF9CB5C}.Debug|x64.Build.0 = Debug|x64
		{2A970878-DAD6-405B-9799-8A589FF9CB5C}.Debug|x86.ActiveCfg = Debug|Win32
		{2A970878-DAD6-405B-9799-8A589FF9CB5C}.Debug|x86.Build.0 = Debug|Win32
		{2A970878-DAD6-405B-9799-8A589FF9CB5C}.Release|x64.ActiveCfg = Release|x64
		{2A970878-DAD6-405B-9799-8A589FF9CB5C}.Release|x64.Build.0 = Release|x64
		{2A970878-DAD6-405B-9799-8A589FF9CB5C}.Release|x86.ActiveCfg = Release|Win32
		{2A970878-DAD6-405B-9799-8A589FF9CB5C}.Release|x86.Build.0 = Release|Win32
		{D504B07D-AD35-4C0D-A7FE-159D2A7764D2}.Debug|x64.ActiveCfg = Debug|x64
		{D504B07D-AD35-4C0D-A7FE-159D2A7764D2}.Debug|x64.Build.0 = Debug|x64
		{D504B07D-AD35-4C0D-A7FE-159D2A7764D2}.Debug|x86.ActiveCfg = Debug|Win32
		{D504B07D-AD35-4C0D-A7FE-159D2A7764D2}.Debug|x86.Build.0 = Debug|Win32
		{D504B07D-AD35-4C0D-A7FE-159D2A7764D2}.Release|x64.ActiveCfg = Release|x64
		{D504B07D-AD35-4C0D-A7FE-159D2A7764D2}.Release|x64.Build.0 = Release|x64
		{D504B07D-AD35-4C0D-A7FE-159D2A7764D2}.Release|x86.ActiveCfg = Release|Win32
		{D504B07D-AD35-4C0D-A7FE-159D2A7764D2}.Release|x86.Build.0 = Release|Win32
		{BEDC6F28-3318-4C76-A155-8F44981CEA62}.Debug|x64.ActiveCfg = Debug|x64
		{BEDC6F28-3318-4C76-A155-8F44981CEA62}.Debug|x64.Build.0 = Debug|x64
		{BEDC6F28-3318-4C76-A155-8F44981CEA62}.Debug|x86.ActiveCfg = Debug|Win32
		{BEDC6F28-3318-4C76-A155-8F44981CEA62}.Debug|x86.Build.0 = Debug|Win32
		{BEDC6F28-3318-4C76-A155-8F44981CEA62}.Release|x64.ActiveCfg = Release|x64
		{BEDC6F28-3318-4C76-A155-8F44981CEA62}.Release|x64.Build.0 = Release|x64
		{BEDC6F28-3318-4C76-A155-8F44981CEA62}.Release|x86.ActiveCfg = Release|Win32
		{BEDC6F28-3318-4C76-A155-8F44981CEA62}.Release|x86.Build.0 = Release|Win32
		{F9839C07-3318-425D-8463-0173B8F0FB55}.Debug|x64.ActiveCfg = Debug|x64
		{F9839C07-3318-425D-8463-0173B8F0FB55}.Debug|x64.Build.0 = Debug|x64
		{F9839C07-3318-425D-8463-0173B8F0FB55}.Debug|x86.ActiveCfg = Debug|Win32
		{F9839C07-3318-425D-8463-0173B8F0FB55}.Debug|x86.Build.0 = Debug|Win32
		{F9839C07-3318-425D-8463-0173B8F0FB55}.Release|x64.ActiveCfg = Release|x64
		{F9839C07-3318-425D-8463-0173B8F0FB55}.Release|x64.Build.0 = Release|x64
		{F9839C07-3318-425D-8463-0173B8F0FB55}.Release|x86.ActiveCfg = Release|Win32
		{F9839C07-3318-425D-8463-0173B8F0FB55}.Release|x86.Build.0 = Release|Win32
		{4FEEEC2D-304B-43ED-84E9-F17E545F9F50}.Debug|x64.ActiveCfg = Debug|x64
		{4FEEEC2D-304B-43ED-84E9-F17E545F9F50}.Debug|x64.Build.0 = Debug|x64
		{4FEEEC2D-304B-43ED-84E9-F17E545F9F50}.Debug|x86.ActiveCfg = Debug|Win32
		{4FEEEC2D-304B-43ED-84E9-F17E545F9F50}.Debug|x86.Build.0 = Debug|Win32
		{4FEEEC2D-304B-43ED-84E9-F17E545F9F50}.Release|x64.ActiveCfg = Release|x64
		{4FEEEC2D-304B-43ED-84E9-F17E545F9F50}.Release|x64.Build.0 = Release|x64
		{4FEEEC2D-304B-43ED-84E9-F17E545F9F50}.Release|x86.ActiveCfg = Release|Win32
		{4FEEEC2D-304B-43ED-84E9-F17E545F9F50}.Release|x86.Build.0 = Release|Win32
		{B2FE1651-F86F-45D9-ACEF-728529C4A9BE}.Debug|x64.ActiveCfg = Debug|x64
		{B2FE1651-F86F-45D9-ACEF-728529C4A9BE}.Debug|x64.Build.0 = Debug|x64
		{B2FE1651-F86F-45D9-ACEF-728529C4A9BE}.Debug|x86.ActiveCfg = Debug|Win32
		{B2FE1651-F86F-45D9-ACEF-728529C4A9BE}.Debug|x86.Build.0 = Debug|Win32
		{B2FE1651-F86F-45D9-ACEF-728529C4A9BE}.Release|x64.ActiveCfg = Release|x64
		{B2FE1651-F86F-45D9-ACEF-728529C4A9BE}.Release|x64.Build.0 = Release|x64
		{B2FE1651-F86F-45D9-ACEF-728529C4A9BE}.Release|x86.ActiveCfg = Release|Win32
		{B2FE1651-F86F-45D9-ACEF-728529C4A9BE}.Release|x86.Build.0 = Release|Win32
		{46E431E4-A7E8-47F7-94C6-ABB5C1D7BC29}.Debug|x64.ActiveCfg = Debug|x64
		{46E431E4-A7E8-47F7-94C6-ABB5C1D7BC29}.Debug|x64.Build.0 = Debug|x64
		{46E431E4-A7E8-47F7-94C6-ABB5C1D7BC29}.Debug|x86.ActiveCfg = Debug|Win32
		{46E431E4-A7E8-47F7-94C6-ABB5C1D7BC29}.Debug|x86.Build.0 = Debug|Win32
		{46E431E4-A7E8-47F7-94C6-ABB5C1D7BC29}.Release|x64.ActiveCfg = Release|x64
		{46E431E4-A7E8-47F7-94C6-ABB5C1D7BC29}.Release|x64.Build.0 = Release|x64
		{46E431E4-A7E8-47F7-94C6-ABB5C1D7BC29}.Release|x86.ActiveCfg = Release|Win32
		{46E431E4-A7E8-47F7-94C6-ABB5C1D7BC29}.Release|x86.Build.0 = Release|Win32
	EndGlobalSection
	GlobalSection(SolutionProperties) = preSolution
		HideSolutionNode = FALSE
	EndGlobalSection
EndGlobal
